
Microsoft Visual Studio Solution File, Format Version 12.00
# Visual Studio 2013
VisualStudioVersion = 12.0.31101.0
MinimumVisualStudioVersion = 10.0.40219.1
Project("{FAE04EC0-301F-11D3-BF4B-00C04F79EFBC}") = "-----fqn随手练习题", "-----fqn随手练习题\-----fqn随手练习题.csproj", "{89A76A5D-334C-4F9F-B53F-8FD746BD81CF}"
EndProject
Project("{2150E333-8FDC-42A3-9474-1A3956D46DE8}") = "正则表达式", "正则表达式", "{9306AD3C-48FF-48F8-AB2B-6F955DB0BB79}"
EndProject
Project("{FAE04EC0-301F-11D3-BF4B-00C04F79EFBC}") = "反向引用", "反向引用\反向引用.csproj", "{8A765FD3-66F4-4251-B186-DE06C3EC0EDD}"
EndProject
Project("{2150E333-8FDC-42A3-9474-1A3956D46DE8}") = "匿名方法和lambda表达式", "匿名方法和lambda表达式", "{98342FBE-8C7F-4585-BCBC-1381525B994D}"
EndProject
Project("{FAE04EC0-301F-11D3-BF4B-00C04F79EFBC}") = "委托实现窗口传值", "委托实现窗口传值\委托实现窗口传值.csproj", "{91388265-167A-4225-B175-07F9519EABF4}"
EndProject
Project("{FAE04EC0-301F-11D3-BF4B-00C04F79EFBC}") = "事件实现窗口传值", "事件实现窗口传值\事件实现窗口传值.csproj", "{892E6B1E-5FD1-48DC-9706-77A164C03B3F}"
EndProject
Project("{FAE04EC0-301F-11D3-BF4B-00C04F79EFBC}") = "多项替换", "多项替换\多项替换.csproj", "{61090A54-2D0D-4152-BE88-9822D4A81C5D}"
EndProject
Project("{2150E333-8FDC-42A3-9474-1A3956D46DE8}") = "序列化", "序列化", "{38245439-9ECB-4733-A378-2E5C83530724}"
EndProject
Project("{FAE04EC0-301F-11D3-BF4B-00C04F79EFBC}") = "序列化", "xml序列化\序列化.csproj", "{64CEE64A-FC9E-4F95-9BCE-7CAA095B2669}"
EndProject
Project("{2150E333-8FDC-42A3-9474-1A3956D46DE8}") = "匿名类型", "匿名类型", "{93ABC91B-4B1F-4068-AD65-899FA27AB6B9}"
EndProject
Project("{FAE04EC0-301F-11D3-BF4B-00C04F79EFBC}") = "匿名类型", "匿名类型\匿名类型.csproj", "{34245FA3-6964-464A-9E42-AB55ACD7078C}"
EndProject
Project("{2150E333-8FDC-42A3-9474-1A3956D46DE8}") = "数据库", "数据库", "{02A9C5E4-5383-4BCB-893D-0B52E5F0043D}"
EndProject
Project("{FAE04EC0-301F-11D3-BF4B-00C04F79EFBC}") = "数据库连接", "数据库连接\数据库连接.csproj", "{66C9D797-D115-42BE-A9C2-D83759C82289}"
EndProject
Project("{2150E333-8FDC-42A3-9474-1A3956D46DE8}") = "清空窗体控件的内容", "清空窗体控件的内容", "{16442CEE-C541-481F-BB8A-AFD81582ABB9}"
EndProject
Project("{FAE04EC0-301F-11D3-BF4B-00C04F79EFBC}") = "清空所有textbox控件中的内容", "清空所有textbox控件中的内容\清空所有textbox控件中的内容.csproj", "{0D3F3B8C-60DF-495A-A9FD-1B01A5CCD96F}"
EndProject
Project("{FAE04EC0-301F-11D3-BF4B-00C04F79EFBC}") = "使用NPOI将内容写入Excel", "使用NPOI将内容写入Excel\使用NPOI将内容写入Excel.csproj", "{F025135C-BD85-4133-9345-E238DE129576}"
EndProject
Global
	GlobalSection(SolutionConfigurationPlatforms) = preSolution
		Debug|Any CPU = Debug|Any CPU
		Release|Any CPU = Release|Any CPU
	EndGlobalSection
	GlobalSection(ProjectConfigurationPlatforms) = postSolution
		{89A76A5D-334C-4F9F-B53F-8FD746BD81CF}.Debug|Any CPU.ActiveCfg = Debug|Any CPU
		{89A76A5D-334C-4F9F-B53F-8FD746BD81CF}.Debug|Any CPU.Build.0 = Debug|Any CPU
		{89A76A5D-334C-4F9F-B53F-8FD746BD81CF}.Release|Any CPU.ActiveCfg = Release|Any CPU
		{89A76A5D-334C-4F9F-B53F-8FD746BD81CF}.Release|Any CPU.Build.0 = Release|Any CPU
		{8A765FD3-66F4-4251-B186-DE06C3EC0EDD}.Debug|Any CPU.ActiveCfg = Debug|Any CPU
		{8A765FD3-66F4-4251-B186-DE06C3EC0EDD}.Debug|Any CPU.Build.0 = Debug|Any CPU
		{8A765FD3-66F4-4251-B186-DE06C3EC0EDD}.Release|Any CPU.ActiveCfg = Release|Any CPU
		{8A765FD3-66F4-4251-B186-DE06C3EC0EDD}.Release|Any CPU.Build.0 = Release|Any CPU
		{91388265-167A-4225-B175-07F9519EABF4}.Debug|Any CPU.ActiveCfg = Debug|Any CPU
		{91388265-167A-4225-B175-07F9519EABF4}.Debug|Any CPU.Build.0 = Debug|Any CPU
		{91388265-167A-4225-B175-07F9519EABF4}.Release|Any CPU.ActiveCfg = Release|Any CPU
		{91388265-167A-4225-B175-07F9519EABF4}.Release|Any CPU.Build.0 = Release|Any CPU
		{892E6B1E-5FD1-48DC-9706-77A164C03B3F}.Debug|Any CPU.ActiveCfg = Debug|Any CPU
		{892E6B1E-5FD1-48DC-9706-77A164C03B3F}.Debug|Any CPU.Build.0 = Debug|Any CPU
		{892E6B1E-5FD1-48DC-9706-77A164C03B3F}.Release|Any CPU.ActiveCfg = Release|Any CPU
		{892E6B1E-5FD1-48DC-9706-77A164C03B3F}.Release|Any CPU.Build.0 = Release|Any CPU
		{61090A54-2D0D-4152-BE88-9822D4A81C5D}.Debug|Any CPU.ActiveCfg = Debug|Any CPU
		{61090A54-2D0D-4152-BE88-9822D4A81C5D}.Debug|Any CPU.Build.0 = Debug|Any CPU
		{61090A54-2D0D-4152-BE88-9822D4A81C5D}.Release|Any CPU.ActiveCfg = Release|Any CPU
		{61090A54-2D0D-4152-BE88-9822D4A81C5D}.Release|Any CPU.Build.0 = Release|Any CPU
		{64CEE64A-FC9E-4F95-9BCE-7CAA095B2669}.Debug|Any CPU.ActiveCfg = Debug|Any CPU
		{64CEE64A-FC9E-4F95-9BCE-7CAA095B2669}.Debug|Any CPU.Build.0 = Debug|Any CPU
		{64CEE64A-FC9E-4F95-9BCE-7CAA095B2669}.Release|Any CPU.ActiveCfg = Release|Any CPU
		{64CEE64A-FC9E-4F95-9BCE-7CAA095B2669}.Release|Any CPU.Build.0 = Release|Any CPU
		{34245FA3-6964-464A-9E42-AB55ACD7078C}.Debug|Any CPU.ActiveCfg = Debug|Any CPU
		{34245FA3-6964-464A-9E42-AB55ACD7078C}.Debug|Any CPU.Build.0 = Debug|Any CPU
		{34245FA3-6964-464A-9E42-AB55ACD7078C}.Release|Any CPU.ActiveCfg = Release|Any CPU
		{34245FA3-6964-464A-9E42-AB55ACD7078C}.Release|Any CPU.Build.0 = Release|Any CPU
		{66C9D797-D115-42BE-A9C2-D83759C82289}.Debug|Any CPU.ActiveCfg = Debug|Any CPU
		{66C9D797-D115-42BE-A9C2-D83759C82289}.Debug|Any CPU.Build.0 = Debug|Any CPU
		{66C9D797-D115-42BE-A9C2-D83759C82289}.Release|Any CPU.ActiveCfg = Release|Any CPU
		{66C9D797-D115-42BE-A9C2-D83759C82289}.Release|Any CPU.Build.0 = Release|Any CPU
		{0D3F3B8C-60DF-495A-A9FD-1B01A5CCD96F}.Debug|Any CPU.ActiveCfg = Debug|Any CPU
		{0D3F3B8C-60DF-495A-A9FD-1B01A5CCD96F}.Debug|Any CPU.Build.0 = Debug|Any CPU
		{0D3F3B8C-60DF-495A-A9FD-1B01A5CCD96F}.Release|Any CPU.ActiveCfg = Release|Any CPU
		{0D3F3B8C-60DF-495A-A9FD-1B01A5CCD96F}.Release|Any CPU.Build.0 = Release|Any CPU
		{F025135C-BD85-4133-9345-E238DE129576}.Debug|Any CPU.ActiveCfg = Debug|Any CPU
		{F025135C-BD85-4133-9345-E238DE129576}.Debug|Any CPU.Build.0 = Debug|Any CPU
		{F025135C-BD85-4133-9345-E238DE129576}.Release|Any CPU.ActiveCfg = Release|Any CPU
		{F025135C-BD85-4133-9345-E238DE129576}.Release|Any CPU.Build.0 = Release|Any CPU
	EndGlobalSection
	GlobalSection(SolutionProperties) = preSolution
		HideSolutionNode = FALSE
	EndGlobalSection
	GlobalSection(NestedProjects) = preSolution
		{8A765FD3-66F4-4251-B186-DE06C3EC0EDD} = {9306AD3C-48FF-48F8-AB2B-6F955DB0BB79}
		{91388265-167A-4225-B175-07F9519EABF4} = {98342FBE-8C7F-4585-BCBC-1381525B994D}
		{892E6B1E-5FD1-48DC-9706-77A164C03B3F} = {98342FBE-8C7F-4585-BCBC-1381525B994D}
		{61090A54-2D0D-4152-BE88-9822D4A81C5D} = {9306AD3C-48FF-48F8-AB2B-6F955DB0BB79}
		{64CEE64A-FC9E-4F95-9BCE-7CAA095B2669} = {38245439-9ECB-4733-A378-2E5C83530724}
		{34245FA3-6964-464A-9E42-AB55ACD7078C} = {93ABC91B-4B1F-4068-AD65-899FA27AB6B9}
		{66C9D797-D115-42BE-A9C2-D83759C82289} = {02A9C5E4-5383-4BCB-893D-0B52E5F0043D}
		{0D3F3B8C-60DF-495A-A9FD-1B01A5CCD96F} = {16442CEE-C541-481F-BB8A-AFD81582ABB9}
	EndGlobalSection
EndGlobal
