
Microsoft Visual Studio Solution File, Format Version 11.00
# Visual Studio 2010
Project("{E24C65DC-7377-472B-9ABA-BC803B73C61A}") = "Agape.Manage", "Agape.Manage", "{0BD20E4F-D0FC-4251-9A65-419D46812C8A}"
	ProjectSection(WebsiteProperties) = preProject
		SccProjectName = "$/src/AgapeManage"
		SccAuxPath = ""
		SccLocalPath = ".."
		SccProvider = "MSSCCI:Dynamsoft SourceAnywhere for VSS 5"
		TargetFrameworkMoniker = ".NETFramework,Version%3Dv2.0"
		ProjectReferences = "{9C8BF1C4-D529-4250-AD96-D7389BBE205F}|Agape.Manage.Core.dll;"
		Debug.AspNetCompiler.VirtualPath = "/AgapeManage"
		Debug.AspNetCompiler.PhysicalPath = "Agape.Manage\"
		Debug.AspNetCompiler.TargetPath = "PrecompiledWeb\AgapeManage\"
		Debug.AspNetCompiler.Updateable = "true"
		Debug.AspNetCompiler.ForceOverwrite = "true"
		Debug.AspNetCompiler.FixedNames = "false"
		Debug.AspNetCompiler.Debug = "True"
		Release.AspNetCompiler.VirtualPath = "/AgapeManage"
		Release.AspNetCompiler.PhysicalPath = "Agape.Manage\"
		Release.AspNetCompiler.TargetPath = "PrecompiledWeb\AgapeManage\"
		Release.AspNetCompiler.Updateable = "true"
		Release.AspNetCompiler.ForceOverwrite = "true"
		Release.AspNetCompiler.FixedNames = "false"
		Release.AspNetCompiler.Debug = "False"
		VWDPort = "4166"
		VWDVirtualPath = "/AgapeManage"
	EndProjectSection
EndProject
Project("{FAE04EC0-301F-11D3-BF4B-00C04F79EFBC}") = "Agape.Manage.Core", "Agape.Manage.Core\Agape.Manage.Core.csproj", "{9C8BF1C4-D529-4250-AD96-D7389BBE205F}"
EndProject
Global
	GlobalSection(SourceCodeControl) = preSolution
		SccNumberOfProjects = 3
		SccLocalPath0 = .
		SccProjectUniqueName1 = Agape.Manage.Core\\Agape.Manage.Core.csproj
		SccLocalPath1 = .
		SccProjectFilePathRelativizedFromConnection1 = Agape.Manage.Core\\
		SccWebProject2 = true
		SccProjectUniqueName2 = Agape.Manage
		SccLocalPath2 = .
		SccProjectFilePathRelativizedFromConnection2 = Agape.Manage\\
		SccProjectEnlistmentChoice2 = 2
	EndGlobalSection
	GlobalSection(SolutionConfigurationPlatforms) = preSolution
		Debug|Any CPU = Debug|Any CPU
		Release|Any CPU = Release|Any CPU
	EndGlobalSection
	GlobalSection(ProjectConfigurationPlatforms) = postSolution
		{0BD20E4F-D0FC-4251-9A65-419D46812C8A}.Debug|Any CPU.ActiveCfg = Debug|Any CPU
		{0BD20E4F-D0FC-4251-9A65-419D46812C8A}.Debug|Any CPU.Build.0 = Debug|Any CPU
		{0BD20E4F-D0FC-4251-9A65-419D46812C8A}.Release|Any CPU.ActiveCfg = Debug|Any CPU
		{0BD20E4F-D0FC-4251-9A65-419D46812C8A}.Release|Any CPU.Build.0 = Debug|Any CPU
		{9C8BF1C4-D529-4250-AD96-D7389BBE205F}.Debug|Any CPU.ActiveCfg = Debug|Any CPU
		{9C8BF1C4-D529-4250-AD96-D7389BBE205F}.Debug|Any CPU.Build.0 = Debug|Any CPU
		{9C8BF1C4-D529-4250-AD96-D7389BBE205F}.Release|Any CPU.ActiveCfg = Release|Any CPU
		{9C8BF1C4-D529-4250-AD96-D7389BBE205F}.Release|Any CPU.Build.0 = Release|Any CPU
	EndGlobalSection
	GlobalSection(SolutionProperties) = preSolution
		HideSolutionNode = FALSE
	EndGlobalSection
EndGlobal
