
Microsoft Visual Studio Solution File, Format Version 12.00
# Visual Studio 2013
VisualStudioVersion = 12.0.31101.0
MinimumVisualStudioVersion = 10.0.40219.1
Project("{2150E333-8FDC-42A3-9474-1A3956D46DE8}") = "TickTick", "TickTick", "{9B5ABDF2-9920-4000-84B8-9E3D01A3F717}"
EndProject
Project("{D954291E-2A0B-460D-934E-DC6B0785DB48}") = "TickTick.Shared", "TickTick\TickTick.Shared\TickTick.Shared.shproj", "{3E5C9277-D9D8-49C9-8175-75B677F2CE25}"
EndProject
Project("{FAE04EC0-301F-11D3-BF4B-00C04F79EFBC}") = "TickTick.Windows", "TickTick\TickTick.Windows\TickTick.Windows.csproj", "{59D79C85-997D-41AF-B440-3D8F8A4D79F5}"
EndProject
Project("{FAE04EC0-301F-11D3-BF4B-00C04F79EFBC}") = "TickTick.WindowsPhone", "TickTick\TickTick.WindowsPhone\TickTick.WindowsPhone.csproj", "{663C04B9-A0B7-4356-B362-00B47A017150}"
EndProject
Project("{FAE04EC0-301F-11D3-BF4B-00C04F79EFBC}") = "TestDemo", "TestDemo\TestDemo.csproj", "{975082C7-B3AB-4C8C-8379-E6DF0D65BB3D}"
EndProject
Project("{FAE04EC0-301F-11D3-BF4B-00C04F79EFBC}") = "NotificationsExtensions", "NotificationsExtensions\NotificationsExtensions.csproj", "{6E87464B-B064-40CA-8161-7C18C337ADFF}"
EndProject
Global
	GlobalSection(SharedMSBuildProjectFiles) = preSolution
		TickTick\TickTick.Shared\TickTick.Shared.projitems*{3e5c9277-d9d8-49c9-8175-75b677f2ce25}*SharedItemsImports = 13
		TickTick\TickTick.Shared\TickTick.Shared.projitems*{663c04b9-a0b7-4356-b362-00b47a017150}*SharedItemsImports = 4
	EndGlobalSection
	GlobalSection(SolutionConfigurationPlatforms) = preSolution
		Debug|Any CPU = Debug|Any CPU
		Debug|ARM = Debug|ARM
		Debug|Mixed Platforms = Debug|Mixed Platforms
		Debug|Win32 = Debug|Win32
		Debug|x64 = Debug|x64
		Debug|x86 = Debug|x86
		Release|Any CPU = Release|Any CPU
		Release|ARM = Release|ARM
		Release|Mixed Platforms = Release|Mixed Platforms
		Release|Win32 = Release|Win32
		Release|x64 = Release|x64
		Release|x86 = Release|x86
	EndGlobalSection
	GlobalSection(ProjectConfigurationPlatforms) = postSolution
		{59D79C85-997D-41AF-B440-3D8F8A4D79F5}.Debug|Any CPU.ActiveCfg = Debug|Any CPU
		{59D79C85-997D-41AF-B440-3D8F8A4D79F5}.Debug|Any CPU.Build.0 = Debug|Any CPU
		{59D79C85-997D-41AF-B440-3D8F8A4D79F5}.Debug|Any CPU.Deploy.0 = Debug|Any CPU
		{59D79C85-997D-41AF-B440-3D8F8A4D79F5}.Debug|ARM.ActiveCfg = Debug|ARM
		{59D79C85-997D-41AF-B440-3D8F8A4D79F5}.Debug|ARM.Build.0 = Debug|ARM
		{59D79C85-997D-41AF-B440-3D8F8A4D79F5}.Debug|ARM.Deploy.0 = Debug|ARM
		{59D79C85-997D-41AF-B440-3D8F8A4D79F5}.Debug|Mixed Platforms.ActiveCfg = Debug|x86
		{59D79C85-997D-41AF-B440-3D8F8A4D79F5}.Debug|Win32.ActiveCfg = Debug|x86
		{59D79C85-997D-41AF-B440-3D8F8A4D79F5}.Debug|x64.ActiveCfg = Debug|x64
		{59D79C85-997D-41AF-B440-3D8F8A4D79F5}.Debug|x64.Build.0 = Debug|x64
		{59D79C85-997D-41AF-B440-3D8F8A4D79F5}.Debug|x64.Deploy.0 = Debug|x64
		{59D79C85-997D-41AF-B440-3D8F8A4D79F5}.Debug|x86.ActiveCfg = Debug|x86
		{59D79C85-997D-41AF-B440-3D8F8A4D79F5}.Debug|x86.Build.0 = Debug|x86
		{59D79C85-997D-41AF-B440-3D8F8A4D79F5}.Debug|x86.Deploy.0 = Debug|x86
		{59D79C85-997D-41AF-B440-3D8F8A4D79F5}.Release|Any CPU.ActiveCfg = Release|Any CPU
		{59D79C85-997D-41AF-B440-3D8F8A4D79F5}.Release|Any CPU.Build.0 = Release|Any CPU
		{59D79C85-997D-41AF-B440-3D8F8A4D79F5}.Release|Any CPU.Deploy.0 = Release|Any CPU
		{59D79C85-997D-41AF-B440-3D8F8A4D79F5}.Release|ARM.ActiveCfg = Release|ARM
		{59D79C85-997D-41AF-B440-3D8F8A4D79F5}.Release|ARM.Build.0 = Release|ARM
		{59D79C85-997D-41AF-B440-3D8F8A4D79F5}.Release|ARM.Deploy.0 = Release|ARM
		{59D79C85-997D-41AF-B440-3D8F8A4D79F5}.Release|Mixed Platforms.ActiveCfg = Release|x86
		{59D79C85-997D-41AF-B440-3D8F8A4D79F5}.Release|Win32.ActiveCfg = Release|x86
		{59D79C85-997D-41AF-B440-3D8F8A4D79F5}.Release|x64.ActiveCfg = Release|x64
		{59D79C85-997D-41AF-B440-3D8F8A4D79F5}.Release|x64.Build.0 = Release|x64
		{59D79C85-997D-41AF-B440-3D8F8A4D79F5}.Release|x64.Deploy.0 = Release|x64
		{59D79C85-997D-41AF-B440-3D8F8A4D79F5}.Release|x86.ActiveCfg = Release|x86
		{59D79C85-997D-41AF-B440-3D8F8A4D79F5}.Release|x86.Build.0 = Release|x86
		{59D79C85-997D-41AF-B440-3D8F8A4D79F5}.Release|x86.Deploy.0 = Release|x86
		{663C04B9-A0B7-4356-B362-00B47A017150}.Debug|Any CPU.ActiveCfg = Debug|Any CPU
		{663C04B9-A0B7-4356-B362-00B47A017150}.Debug|Any CPU.Build.0 = Debug|Any CPU
		{663C04B9-A0B7-4356-B362-00B47A017150}.Debug|Any CPU.Deploy.0 = Debug|Any CPU
		{663C04B9-A0B7-4356-B362-00B47A017150}.Debug|ARM.ActiveCfg = Debug|ARM
		{663C04B9-A0B7-4356-B362-00B47A017150}.Debug|ARM.Build.0 = Debug|ARM
		{663C04B9-A0B7-4356-B362-00B47A017150}.Debug|ARM.Deploy.0 = Debug|ARM
		{663C04B9-A0B7-4356-B362-00B47A017150}.Debug|Mixed Platforms.ActiveCfg = Debug|x86
		{663C04B9-A0B7-4356-B362-00B47A017150}.Debug|Mixed Platforms.Build.0 = Debug|x86
		{663C04B9-A0B7-4356-B362-00B47A017150}.Debug|Mixed Platforms.Deploy.0 = Debug|x86
		{663C04B9-A0B7-4356-B362-00B47A017150}.Debug|Win32.ActiveCfg = Debug|x86
		{663C04B9-A0B7-4356-B362-00B47A017150}.Debug|Win32.Build.0 = Debug|x86
		{663C04B9-A0B7-4356-B362-00B47A017150}.Debug|Win32.Deploy.0 = Debug|x86
		{663C04B9-A0B7-4356-B362-00B47A017150}.Debug|x64.ActiveCfg = Debug|Any CPU
		{663C04B9-A0B7-4356-B362-00B47A017150}.Debug|x86.ActiveCfg = Debug|x86
		{663C04B9-A0B7-4356-B362-00B47A017150}.Debug|x86.Build.0 = Debug|x86
		{663C04B9-A0B7-4356-B362-00B47A017150}.Debug|x86.Deploy.0 = Debug|x86
		{663C04B9-A0B7-4356-B362-00B47A017150}.Release|Any CPU.ActiveCfg = Release|Any CPU
		{663C04B9-A0B7-4356-B362-00B47A017150}.Release|Any CPU.Build.0 = Release|Any CPU
		{663C04B9-A0B7-4356-B362-00B47A017150}.Release|Any CPU.Deploy.0 = Release|Any CPU
		{663C04B9-A0B7-4356-B362-00B47A017150}.Release|ARM.ActiveCfg = Release|ARM
		{663C04B9-A0B7-4356-B362-00B47A017150}.Release|ARM.Build.0 = Release|ARM
		{663C04B9-A0B7-4356-B362-00B47A017150}.Release|ARM.Deploy.0 = Release|ARM
		{663C04B9-A0B7-4356-B362-00B47A017150}.Release|Mixed Platforms.ActiveCfg = Release|x86
		{663C04B9-A0B7-4356-B362-00B47A017150}.Release|Mixed Platforms.Build.0 = Release|x86
		{663C04B9-A0B7-4356-B362-00B47A017150}.Release|Mixed Platforms.Deploy.0 = Release|x86
		{663C04B9-A0B7-4356-B362-00B47A017150}.Release|Win32.ActiveCfg = Release|x86
		{663C04B9-A0B7-4356-B362-00B47A017150}.Release|Win32.Build.0 = Release|x86
		{663C04B9-A0B7-4356-B362-00B47A017150}.Release|Win32.Deploy.0 = Release|x86
		{663C04B9-A0B7-4356-B362-00B47A017150}.Release|x64.ActiveCfg = Release|Any CPU
		{663C04B9-A0B7-4356-B362-00B47A017150}.Release|x86.ActiveCfg = Release|x86
		{663C04B9-A0B7-4356-B362-00B47A017150}.Release|x86.Build.0 = Release|x86
		{663C04B9-A0B7-4356-B362-00B47A017150}.Release|x86.Deploy.0 = Release|x86
		{975082C7-B3AB-4C8C-8379-E6DF0D65BB3D}.Debug|Any CPU.ActiveCfg = Debug|Any CPU
		{975082C7-B3AB-4C8C-8379-E6DF0D65BB3D}.Debug|Any CPU.Build.0 = Debug|Any CPU
		{975082C7-B3AB-4C8C-8379-E6DF0D65BB3D}.Debug|Any CPU.Deploy.0 = Debug|Any CPU
		{975082C7-B3AB-4C8C-8379-E6DF0D65BB3D}.Debug|ARM.ActiveCfg = Debug|ARM
		{975082C7-B3AB-4C8C-8379-E6DF0D65BB3D}.Debug|ARM.Build.0 = Debug|ARM
		{975082C7-B3AB-4C8C-8379-E6DF0D65BB3D}.Debug|ARM.Deploy.0 = Debug|ARM
		{975082C7-B3AB-4C8C-8379-E6DF0D65BB3D}.Debug|Mixed Platforms.ActiveCfg = Debug|x86
		{975082C7-B3AB-4C8C-8379-E6DF0D65BB3D}.Debug|Mixed Platforms.Build.0 = Debug|x86
		{975082C7-B3AB-4C8C-8379-E6DF0D65BB3D}.Debug|Mixed Platforms.Deploy.0 = Debug|x86
		{975082C7-B3AB-4C8C-8379-E6DF0D65BB3D}.Debug|Win32.ActiveCfg = Debug|x86
		{975082C7-B3AB-4C8C-8379-E6DF0D65BB3D}.Debug|Win32.Build.0 = Debug|x86
		{975082C7-B3AB-4C8C-8379-E6DF0D65BB3D}.Debug|Win32.Deploy.0 = Debug|x86
		{975082C7-B3AB-4C8C-8379-E6DF0D65BB3D}.Debug|x64.ActiveCfg = Debug|Any CPU
		{975082C7-B3AB-4C8C-8379-E6DF0D65BB3D}.Debug|x86.ActiveCfg = Debug|x86
		{975082C7-B3AB-4C8C-8379-E6DF0D65BB3D}.Debug|x86.Build.0 = Debug|x86
		{975082C7-B3AB-4C8C-8379-E6DF0D65BB3D}.Debug|x86.Deploy.0 = Debug|x86
		{975082C7-B3AB-4C8C-8379-E6DF0D65BB3D}.Release|Any CPU.ActiveCfg = Release|Any CPU
		{975082C7-B3AB-4C8C-8379-E6DF0D65BB3D}.Release|Any CPU.Build.0 = Release|Any CPU
		{975082C7-B3AB-4C8C-8379-E6DF0D65BB3D}.Release|Any CPU.Deploy.0 = Release|Any CPU
		{975082C7-B3AB-4C8C-8379-E6DF0D65BB3D}.Release|ARM.ActiveCfg = Release|ARM
		{975082C7-B3AB-4C8C-8379-E6DF0D65BB3D}.Release|ARM.Build.0 = Release|ARM
		{975082C7-B3AB-4C8C-8379-E6DF0D65BB3D}.Release|ARM.Deploy.0 = Release|ARM
		{975082C7-B3AB-4C8C-8379-E6DF0D65BB3D}.Release|Mixed Platforms.ActiveCfg = Release|x86
		{975082C7-B3AB-4C8C-8379-E6DF0D65BB3D}.Release|Mixed Platforms.Build.0 = Release|x86
		{975082C7-B3AB-4C8C-8379-E6DF0D65BB3D}.Release|Mixed Platforms.Deploy.0 = Release|x86
		{975082C7-B3AB-4C8C-8379-E6DF0D65BB3D}.Release|Win32.ActiveCfg = Release|x86
		{975082C7-B3AB-4C8C-8379-E6DF0D65BB3D}.Release|Win32.Build.0 = Release|x86
		{975082C7-B3AB-4C8C-8379-E6DF0D65BB3D}.Release|Win32.Deploy.0 = Release|x86
		{975082C7-B3AB-4C8C-8379-E6DF0D65BB3D}.Release|x64.ActiveCfg = Release|Any CPU
		{975082C7-B3AB-4C8C-8379-E6DF0D65BB3D}.Release|x86.ActiveCfg = Release|x86
		{975082C7-B3AB-4C8C-8379-E6DF0D65BB3D}.Release|x86.Build.0 = Release|x86
		{975082C7-B3AB-4C8C-8379-E6DF0D65BB3D}.Release|x86.Deploy.0 = Release|x86
		{6E87464B-B064-40CA-8161-7C18C337ADFF}.Debug|Any CPU.ActiveCfg = Debug|Any CPU
		{6E87464B-B064-40CA-8161-7C18C337ADFF}.Debug|Any CPU.Build.0 = Debug|Any CPU
		{6E87464B-B064-40CA-8161-7C18C337ADFF}.Debug|ARM.ActiveCfg = Debug|ARM
		{6E87464B-B064-40CA-8161-7C18C337ADFF}.Debug|ARM.Build.0 = Debug|ARM
		{6E87464B-B064-40CA-8161-7C18C337ADFF}.Debug|Mixed Platforms.ActiveCfg = Debug|x86
		{6E87464B-B064-40CA-8161-7C18C337ADFF}.Debug|Mixed Platforms.Build.0 = Debug|x86
		{6E87464B-B064-40CA-8161-7C18C337ADFF}.Debug|Win32.ActiveCfg = Debug|Win32
		{6E87464B-B064-40CA-8161-7C18C337ADFF}.Debug|Win32.Build.0 = Debug|Win32
		{6E87464B-B064-40CA-8161-7C18C337ADFF}.Debug|x64.ActiveCfg = Debug|x64
		{6E87464B-B064-40CA-8161-7C18C337ADFF}.Debug|x64.Build.0 = Debug|x64
		{6E87464B-B064-40CA-8161-7C18C337ADFF}.Debug|x86.ActiveCfg = Debug|x86
		{6E87464B-B064-40CA-8161-7C18C337ADFF}.Debug|x86.Build.0 = Debug|x86
		{6E87464B-B064-40CA-8161-7C18C337ADFF}.Release|Any CPU.ActiveCfg = Release|Any CPU
		{6E87464B-B064-40CA-8161-7C18C337ADFF}.Release|Any CPU.Build.0 = Release|Any CPU
		{6E87464B-B064-40CA-8161-7C18C337ADFF}.Release|ARM.ActiveCfg = Release|ARM
		{6E87464B-B064-40CA-8161-7C18C337ADFF}.Release|ARM.Build.0 = Release|ARM
		{6E87464B-B064-40CA-8161-7C18C337ADFF}.Release|Mixed Platforms.ActiveCfg = Release|x86
		{6E87464B-B064-40CA-8161-7C18C337ADFF}.Release|Mixed Platforms.Build.0 = Release|x86
		{6E87464B-B064-40CA-8161-7C18C337ADFF}.Release|Win32.ActiveCfg = Release|Win32
		{6E87464B-B064-40CA-8161-7C18C337ADFF}.Release|Win32.Build.0 = Release|Win32
		{6E87464B-B064-40CA-8161-7C18C337ADFF}.Release|x64.ActiveCfg = Release|x64
		{6E87464B-B064-40CA-8161-7C18C337ADFF}.Release|x64.Build.0 = Release|x64
		{6E87464B-B064-40CA-8161-7C18C337ADFF}.Release|x86.ActiveCfg = Release|x86
		{6E87464B-B064-40CA-8161-7C18C337ADFF}.Release|x86.Build.0 = Release|x86
	EndGlobalSection
	GlobalSection(SolutionProperties) = preSolution
		HideSolutionNode = FALSE
	EndGlobalSection
	GlobalSection(NestedProjects) = preSolution
		{3E5C9277-D9D8-49C9-8175-75B677F2CE25} = {9B5ABDF2-9920-4000-84B8-9E3D01A3F717}
		{59D79C85-997D-41AF-B440-3D8F8A4D79F5} = {9B5ABDF2-9920-4000-84B8-9E3D01A3F717}
		{663C04B9-A0B7-4356-B362-00B47A017150} = {9B5ABDF2-9920-4000-84B8-9E3D01A3F717}
	EndGlobalSection
EndGlobal
