
Microsoft Visual Studio Solution File, Format Version 12.00
# Visual Studio 2013
VisualStudioVersion = 12.0.31101.0
MinimumVisualStudioVersion = 10.0.40219.1
Project("{FAE04EC0-301F-11D3-BF4B-00C04F79EFBC}") = "FlyoutDemo", "App1\FlyoutDemo.csproj", "{0469AE2F-050F-4926-85E1-29FE465B9AE6}"
EndProject
Project("{FAE04EC0-301F-11D3-BF4B-00C04F79EFBC}") = "LockTheScreenDemo", "LockTheScreen\LockTheScreenDemo.csproj", "{6CBEE133-6AA2-48E0-8760-746166C0968B}"
EndProject
Project("{FAE04EC0-301F-11D3-BF4B-00C04F79EFBC}") = "RichTextBlockDemo", "RichTextBlockDemo\RichTextBlockDemo.csproj", "{29F328FB-7BFE-4546-A00F-80BBC1B0B356}"
EndProject
Project("{FAE04EC0-301F-11D3-BF4B-00C04F79EFBC}") = "AccelerometerDemo", "AccelerometerDemo\AccelerometerDemo.csproj", "{2F042349-DCDB-418C-B548-0AD87B8E542F}"
EndProject
Project("{F088123C-0E9E-452A-89E6-6BA2F21D5CAC}") = "ModelingProject1", "ModelingProject1\ModelingProject1.modelproj", "{AFD029F4-F0FC-410F-9997-07D148CA90AC}"
EndProject
Project("{FAE04EC0-301F-11D3-BF4B-00C04F79EFBC}") = "AsyncApplicationDemo", "AsyncApplicationDemo\AsyncApplicationDemo.csproj", "{58575D4F-27E7-4134-BB17-E92E8EECF130}"
EndProject
Project("{FAE04EC0-301F-11D3-BF4B-00C04F79EFBC}") = "AsyncAppDemoConsole", "AsyncAppDemoConsole\AsyncAppDemoConsole.csproj", "{2F53C240-AC18-4F6D-8622-BD57335674F5}"
EndProject
Project("{FAE04EC0-301F-11D3-BF4B-00C04F79EFBC}") = "CalendarDemo", "CalendarDemo\CalendarDemo.csproj", "{F711EE9F-1189-4703-A2DA-3304BCB63AC3}"
EndProject
Project("{FAE04EC0-301F-11D3-BF4B-00C04F79EFBC}") = "NavigateDemo", "NavigateDemo\NavigateDemo.csproj", "{DFD8B99E-4C34-4BAD-83D3-A21A9E163330}"
EndProject
Project("{FAE04EC0-301F-11D3-BF4B-00C04F79EFBC}") = "JsonpDemo", "JsonpDemo\JsonpDemo.csproj", "{A6C57291-0746-4D3D-BE07-861AF5E3A469}"
EndProject
Project("{FAE04EC0-301F-11D3-BF4B-00C04F79EFBC}") = "JsonpDemo2", "JsonpDemo2\JsonpDemo2.csproj", "{64239C59-3C03-4DFD-8472-923FAAFE93F5}"
EndProject
Project("{FAE04EC0-301F-11D3-BF4B-00C04F79EFBC}") = "YeildDemo", "YeildDemo\YeildDemo.csproj", "{D3705523-C529-46A1-BA44-1F2CBF375643}"
EndProject
Project("{FAE04EC0-301F-11D3-BF4B-00C04F79EFBC}") = "RTJsonDemo", "RTJsonDemo\RTJsonDemo.csproj", "{E4886E4A-4A55-4682-AB4A-7751DF666033}"
EndProject
Project("{FAE04EC0-301F-11D3-BF4B-00C04F79EFBC}") = "RTFolderDemo", "RTFolderDemo\RTFolderDemo.csproj", "{9B715BC4-84CE-496C-8496-24BA42F17FCD}"
EndProject
Project("{FAE04EC0-301F-11D3-BF4B-00C04F79EFBC}") = "SqliteDemo", "SqliteDemo\SqliteDemo.csproj", "{D53F20A4-3F75-418C-B5FA-8C08A0985E69}"
EndProject
Project("{FAE04EC0-301F-11D3-BF4B-00C04F79EFBC}") = "fqn_MVCByZeroStartDemo", "fqn_MVCByZeroStartDemo\fqn_MVCByZeroStartDemo.csproj", "{8930A99F-4DDB-4322-9DEE-2B19FDABE8E6}"
EndProject
Project("{FAE04EC0-301F-11D3-BF4B-00C04F79EFBC}") = "fqn_MVCConsultDemo", "fqn_MVCConsultDemo\fqn_MVCConsultDemo.csproj", "{AC102939-ED18-4FEA-8350-2ADC549489A8}"
EndProject
Project("{FAE04EC0-301F-11D3-BF4B-00C04F79EFBC}") = "DataBindingDemo", "DataBindingDemo\DataBindingDemo.csproj", "{A7C54509-1856-4B61-B5B3-F7BED199551F}"
EndProject
Project("{FAE04EC0-301F-11D3-BF4B-00C04F79EFBC}") = "NotifyPropertyDemo", "NotifyPropertyDemo\NotifyPropertyDemo.csproj", "{9D3A51D0-465F-44E2-9D19-D81B4B112C8B}"
EndProject
Project("{FAE04EC0-301F-11D3-BF4B-00C04F79EFBC}") = "DataTempleteDemo", "DataTempleteDemo\DataTempleteDemo.csproj", "{D4E5168F-BC00-404D-8CD3-E5B1D47B299F}"
EndProject
Project("{FAE04EC0-301F-11D3-BF4B-00C04F79EFBC}") = "ToastDemo", "ToastDemo\ToastDemo.csproj", "{91C5A43C-0609-411F-A40A-35657C814107}"
EndProject
Project("{FAE04EC0-301F-11D3-BF4B-00C04F79EFBC}") = "fqn_FirstAppDemo", "fqn_FirstAppDemo\fqn_FirstAppDemo.csproj", "{18F35AF1-E8D9-45D1-8780-57A1F2BA9CC5}"
EndProject
Project("{FAE04EC0-301F-11D3-BF4B-00C04F79EFBC}") = "SocketDemo.Client", "SocketDemo.Client\SocketDemo.Client.csproj", "{D40053B4-AECA-44CC-9B34-6D6437B07E15}"
EndProject
Project("{FAE04EC0-301F-11D3-BF4B-00C04F79EFBC}") = "AcceleratorDemo", "AcceleratorDemo\AcceleratorDemo.csproj", "{9847A992-2EA4-4655-B6D9-9DCD1C4A2185}"
EndProject
Project("{FAE04EC0-301F-11D3-BF4B-00C04F79EFBC}") = "ContactStoreDemo", "ContactStoreDemo\ContactStoreDemo.csproj", "{9E0E5A11-B493-4A8A-949B-20E3B83B7089}"
EndProject
Project("{FAE04EC0-301F-11D3-BF4B-00C04F79EFBC}") = "SignalRDemo", "SignalRDemo\SignalRDemo.csproj", "{C44ACC33-2D98-4D62-8655-B7752E189005}"
EndProject
Project("{FAE04EC0-301F-11D3-BF4B-00C04F79EFBC}") = "WinFormSignalRDemo", "WinFormSignalRDemo\WinFormSignalRDemo.csproj", "{55E06E3E-4E45-4440-8C79-057C6C2F5290}"
EndProject
Project("{FAE04EC0-301F-11D3-BF4B-00C04F79EFBC}") = "AllToOne_Image", "AllToOne_Image\AllToOne_Image.csproj", "{84BB94CC-BEB0-4FE4-99FE-D524969B87D8}"
EndProject
Global
	GlobalSection(SolutionConfigurationPlatforms) = preSolution
		Debug|Any CPU = Debug|Any CPU
		Debug|ARM = Debug|ARM
		Debug|Mixed Platforms = Debug|Mixed Platforms
		Debug|x86 = Debug|x86
		Release|Any CPU = Release|Any CPU
		Release|ARM = Release|ARM
		Release|Mixed Platforms = Release|Mixed Platforms
		Release|x86 = Release|x86
	EndGlobalSection
	GlobalSection(ProjectConfigurationPlatforms) = postSolution
		{0469AE2F-050F-4926-85E1-29FE465B9AE6}.Debug|Any CPU.ActiveCfg = Debug|Any CPU
		{0469AE2F-050F-4926-85E1-29FE465B9AE6}.Debug|Any CPU.Build.0 = Debug|Any CPU
		{0469AE2F-050F-4926-85E1-29FE465B9AE6}.Debug|Any CPU.Deploy.0 = Debug|Any CPU
		{0469AE2F-050F-4926-85E1-29FE465B9AE6}.Debug|ARM.ActiveCfg = Debug|ARM
		{0469AE2F-050F-4926-85E1-29FE465B9AE6}.Debug|ARM.Build.0 = Debug|ARM
		{0469AE2F-050F-4926-85E1-29FE465B9AE6}.Debug|ARM.Deploy.0 = Debug|ARM
		{0469AE2F-050F-4926-85E1-29FE465B9AE6}.Debug|Mixed Platforms.ActiveCfg = Debug|x86
		{0469AE2F-050F-4926-85E1-29FE465B9AE6}.Debug|x86.ActiveCfg = Debug|x86
		{0469AE2F-050F-4926-85E1-29FE465B9AE6}.Debug|x86.Build.0 = Debug|x86
		{0469AE2F-050F-4926-85E1-29FE465B9AE6}.Debug|x86.Deploy.0 = Debug|x86
		{0469AE2F-050F-4926-85E1-29FE465B9AE6}.Release|Any CPU.ActiveCfg = Release|Any CPU
		{0469AE2F-050F-4926-85E1-29FE465B9AE6}.Release|Any CPU.Build.0 = Release|Any CPU
		{0469AE2F-050F-4926-85E1-29FE465B9AE6}.Release|Any CPU.Deploy.0 = Release|Any CPU
		{0469AE2F-050F-4926-85E1-29FE465B9AE6}.Release|ARM.ActiveCfg = Release|ARM
		{0469AE2F-050F-4926-85E1-29FE465B9AE6}.Release|ARM.Build.0 = Release|ARM
		{0469AE2F-050F-4926-85E1-29FE465B9AE6}.Release|ARM.Deploy.0 = Release|ARM
		{0469AE2F-050F-4926-85E1-29FE465B9AE6}.Release|Mixed Platforms.ActiveCfg = Release|x86
		{0469AE2F-050F-4926-85E1-29FE465B9AE6}.Release|x86.ActiveCfg = Release|x86
		{0469AE2F-050F-4926-85E1-29FE465B9AE6}.Release|x86.Build.0 = Release|x86
		{0469AE2F-050F-4926-85E1-29FE465B9AE6}.Release|x86.Deploy.0 = Release|x86
		{6CBEE133-6AA2-48E0-8760-746166C0968B}.Debug|Any CPU.ActiveCfg = Debug|Any CPU
		{6CBEE133-6AA2-48E0-8760-746166C0968B}.Debug|Any CPU.Build.0 = Debug|Any CPU
		{6CBEE133-6AA2-48E0-8760-746166C0968B}.Debug|Any CPU.Deploy.0 = Debug|Any CPU
		{6CBEE133-6AA2-48E0-8760-746166C0968B}.Debug|ARM.ActiveCfg = Debug|ARM
		{6CBEE133-6AA2-48E0-8760-746166C0968B}.Debug|ARM.Build.0 = Debug|ARM
		{6CBEE133-6AA2-48E0-8760-746166C0968B}.Debug|ARM.Deploy.0 = Debug|ARM
		{6CBEE133-6AA2-48E0-8760-746166C0968B}.Debug|Mixed Platforms.ActiveCfg = Debug|x86
		{6CBEE133-6AA2-48E0-8760-746166C0968B}.Debug|x86.ActiveCfg = Debug|x86
		{6CBEE133-6AA2-48E0-8760-746166C0968B}.Debug|x86.Build.0 = Debug|x86
		{6CBEE133-6AA2-48E0-8760-746166C0968B}.Debug|x86.Deploy.0 = Debug|x86
		{6CBEE133-6AA2-48E0-8760-746166C0968B}.Release|Any CPU.ActiveCfg = Release|Any CPU
		{6CBEE133-6AA2-48E0-8760-746166C0968B}.Release|Any CPU.Build.0 = Release|Any CPU
		{6CBEE133-6AA2-48E0-8760-746166C0968B}.Release|Any CPU.Deploy.0 = Release|Any CPU
		{6CBEE133-6AA2-48E0-8760-746166C0968B}.Release|ARM.ActiveCfg = Release|ARM
		{6CBEE133-6AA2-48E0-8760-746166C0968B}.Release|ARM.Build.0 = Release|ARM
		{6CBEE133-6AA2-48E0-8760-746166C0968B}.Release|ARM.Deploy.0 = Release|ARM
		{6CBEE133-6AA2-48E0-8760-746166C0968B}.Release|Mixed Platforms.ActiveCfg = Release|x86
		{6CBEE133-6AA2-48E0-8760-746166C0968B}.Release|x86.ActiveCfg = Release|x86
		{6CBEE133-6AA2-48E0-8760-746166C0968B}.Release|x86.Build.0 = Release|x86
		{6CBEE133-6AA2-48E0-8760-746166C0968B}.Release|x86.Deploy.0 = Release|x86
		{29F328FB-7BFE-4546-A00F-80BBC1B0B356}.Debug|Any CPU.ActiveCfg = Debug|Any CPU
		{29F328FB-7BFE-4546-A00F-80BBC1B0B356}.Debug|Any CPU.Build.0 = Debug|Any CPU
		{29F328FB-7BFE-4546-A00F-80BBC1B0B356}.Debug|Any CPU.Deploy.0 = Debug|Any CPU
		{29F328FB-7BFE-4546-A00F-80BBC1B0B356}.Debug|ARM.ActiveCfg = Debug|ARM
		{29F328FB-7BFE-4546-A00F-80BBC1B0B356}.Debug|ARM.Build.0 = Debug|ARM
		{29F328FB-7BFE-4546-A00F-80BBC1B0B356}.Debug|ARM.Deploy.0 = Debug|ARM
		{29F328FB-7BFE-4546-A00F-80BBC1B0B356}.Debug|Mixed Platforms.ActiveCfg = Debug|x86
		{29F328FB-7BFE-4546-A00F-80BBC1B0B356}.Debug|x86.ActiveCfg = Debug|x86
		{29F328FB-7BFE-4546-A00F-80BBC1B0B356}.Debug|x86.Build.0 = Debug|x86
		{29F328FB-7BFE-4546-A00F-80BBC1B0B356}.Debug|x86.Deploy.0 = Debug|x86
		{29F328FB-7BFE-4546-A00F-80BBC1B0B356}.Release|Any CPU.ActiveCfg = Release|Any CPU
		{29F328FB-7BFE-4546-A00F-80BBC1B0B356}.Release|Any CPU.Build.0 = Release|Any CPU
		{29F328FB-7BFE-4546-A00F-80BBC1B0B356}.Release|Any CPU.Deploy.0 = Release|Any CPU
		{29F328FB-7BFE-4546-A00F-80BBC1B0B356}.Release|ARM.ActiveCfg = Release|ARM
		{29F328FB-7BFE-4546-A00F-80BBC1B0B356}.Release|ARM.Build.0 = Release|ARM
		{29F328FB-7BFE-4546-A00F-80BBC1B0B356}.Release|ARM.Deploy.0 = Release|ARM
		{29F328FB-7BFE-4546-A00F-80BBC1B0B356}.Release|Mixed Platforms.ActiveCfg = Release|x86
		{29F328FB-7BFE-4546-A00F-80BBC1B0B356}.Release|x86.ActiveCfg = Release|x86
		{29F328FB-7BFE-4546-A00F-80BBC1B0B356}.Release|x86.Build.0 = Release|x86
		{29F328FB-7BFE-4546-A00F-80BBC1B0B356}.Release|x86.Deploy.0 = Release|x86
		{2F042349-DCDB-418C-B548-0AD87B8E542F}.Debug|Any CPU.ActiveCfg = Debug|Any CPU
		{2F042349-DCDB-418C-B548-0AD87B8E542F}.Debug|Any CPU.Build.0 = Debug|Any CPU
		{2F042349-DCDB-418C-B548-0AD87B8E542F}.Debug|Any CPU.Deploy.0 = Debug|Any CPU
		{2F042349-DCDB-418C-B548-0AD87B8E542F}.Debug|ARM.ActiveCfg = Debug|ARM
		{2F042349-DCDB-418C-B548-0AD87B8E542F}.Debug|ARM.Build.0 = Debug|ARM
		{2F042349-DCDB-418C-B548-0AD87B8E542F}.Debug|ARM.Deploy.0 = Debug|ARM
		{2F042349-DCDB-418C-B548-0AD87B8E542F}.Debug|Mixed Platforms.ActiveCfg = Debug|x86
		{2F042349-DCDB-418C-B548-0AD87B8E542F}.Debug|x86.ActiveCfg = Debug|x86
		{2F042349-DCDB-418C-B548-0AD87B8E542F}.Debug|x86.Build.0 = Debug|x86
		{2F042349-DCDB-418C-B548-0AD87B8E542F}.Debug|x86.Deploy.0 = Debug|x86
		{2F042349-DCDB-418C-B548-0AD87B8E542F}.Release|Any CPU.ActiveCfg = Release|Any CPU
		{2F042349-DCDB-418C-B548-0AD87B8E542F}.Release|Any CPU.Build.0 = Release|Any CPU
		{2F042349-DCDB-418C-B548-0AD87B8E542F}.Release|Any CPU.Deploy.0 = Release|Any CPU
		{2F042349-DCDB-418C-B548-0AD87B8E542F}.Release|ARM.ActiveCfg = Release|ARM
		{2F042349-DCDB-418C-B548-0AD87B8E542F}.Release|ARM.Build.0 = Release|ARM
		{2F042349-DCDB-418C-B548-0AD87B8E542F}.Release|ARM.Deploy.0 = Release|ARM
		{2F042349-DCDB-418C-B548-0AD87B8E542F}.Release|Mixed Platforms.ActiveCfg = Release|x86
		{2F042349-DCDB-418C-B548-0AD87B8E542F}.Release|x86.ActiveCfg = Release|x86
		{2F042349-DCDB-418C-B548-0AD87B8E542F}.Release|x86.Build.0 = Release|x86
		{2F042349-DCDB-418C-B548-0AD87B8E542F}.Release|x86.Deploy.0 = Release|x86
		{AFD029F4-F0FC-410F-9997-07D148CA90AC}.Debug|Any CPU.ActiveCfg = Debug|Any CPU
		{AFD029F4-F0FC-410F-9997-07D148CA90AC}.Debug|Any CPU.Build.0 = Debug|Any CPU
		{AFD029F4-F0FC-410F-9997-07D148CA90AC}.Debug|ARM.ActiveCfg = Debug|Any CPU
		{AFD029F4-F0FC-410F-9997-07D148CA90AC}.Debug|Mixed Platforms.ActiveCfg = Debug|Any CPU
		{AFD029F4-F0FC-410F-9997-07D148CA90AC}.Debug|x86.ActiveCfg = Debug|Any CPU
		{AFD029F4-F0FC-410F-9997-07D148CA90AC}.Release|Any CPU.ActiveCfg = Release|Any CPU
		{AFD029F4-F0FC-410F-9997-07D148CA90AC}.Release|Any CPU.Build.0 = Release|Any CPU
		{AFD029F4-F0FC-410F-9997-07D148CA90AC}.Release|ARM.ActiveCfg = Release|Any CPU
		{AFD029F4-F0FC-410F-9997-07D148CA90AC}.Release|Mixed Platforms.ActiveCfg = Release|Any CPU
		{AFD029F4-F0FC-410F-9997-07D148CA90AC}.Release|x86.ActiveCfg = Release|Any CPU
		{58575D4F-27E7-4134-BB17-E92E8EECF130}.Debug|Any CPU.ActiveCfg = Debug|Any CPU
		{58575D4F-27E7-4134-BB17-E92E8EECF130}.Debug|Any CPU.Build.0 = Debug|Any CPU
		{58575D4F-27E7-4134-BB17-E92E8EECF130}.Debug|ARM.ActiveCfg = Debug|Any CPU
		{58575D4F-27E7-4134-BB17-E92E8EECF130}.Debug|Mixed Platforms.ActiveCfg = Debug|Any CPU
		{58575D4F-27E7-4134-BB17-E92E8EECF130}.Debug|x86.ActiveCfg = Debug|Any CPU
		{58575D4F-27E7-4134-BB17-E92E8EECF130}.Release|Any CPU.ActiveCfg = Release|Any CPU
		{58575D4F-27E7-4134-BB17-E92E8EECF130}.Release|Any CPU.Build.0 = Release|Any CPU
		{58575D4F-27E7-4134-BB17-E92E8EECF130}.Release|ARM.ActiveCfg = Release|Any CPU
		{58575D4F-27E7-4134-BB17-E92E8EECF130}.Release|Mixed Platforms.ActiveCfg = Release|Any CPU
		{58575D4F-27E7-4134-BB17-E92E8EECF130}.Release|x86.ActiveCfg = Release|Any CPU
		{2F53C240-AC18-4F6D-8622-BD57335674F5}.Debug|Any CPU.ActiveCfg = Debug|Any CPU
		{2F53C240-AC18-4F6D-8622-BD57335674F5}.Debug|Any CPU.Build.0 = Debug|Any CPU
		{2F53C240-AC18-4F6D-8622-BD57335674F5}.Debug|ARM.ActiveCfg = Debug|Any CPU
		{2F53C240-AC18-4F6D-8622-BD57335674F5}.Debug|Mixed Platforms.ActiveCfg = Debug|Any CPU
		{2F53C240-AC18-4F6D-8622-BD57335674F5}.Debug|x86.ActiveCfg = Debug|Any CPU
		{2F53C240-AC18-4F6D-8622-BD57335674F5}.Release|Any CPU.ActiveCfg = Release|Any CPU
		{2F53C240-AC18-4F6D-8622-BD57335674F5}.Release|Any CPU.Build.0 = Release|Any CPU
		{2F53C240-AC18-4F6D-8622-BD57335674F5}.Release|ARM.ActiveCfg = Release|Any CPU
		{2F53C240-AC18-4F6D-8622-BD57335674F5}.Release|Mixed Platforms.ActiveCfg = Release|Any CPU
		{2F53C240-AC18-4F6D-8622-BD57335674F5}.Release|x86.ActiveCfg = Release|Any CPU
		{F711EE9F-1189-4703-A2DA-3304BCB63AC3}.Debug|Any CPU.ActiveCfg = Debug|Any CPU
		{F711EE9F-1189-4703-A2DA-3304BCB63AC3}.Debug|Any CPU.Build.0 = Debug|Any CPU
		{F711EE9F-1189-4703-A2DA-3304BCB63AC3}.Debug|Any CPU.Deploy.0 = Debug|Any CPU
		{F711EE9F-1189-4703-A2DA-3304BCB63AC3}.Debug|ARM.ActiveCfg = Debug|ARM
		{F711EE9F-1189-4703-A2DA-3304BCB63AC3}.Debug|ARM.Build.0 = Debug|ARM
		{F711EE9F-1189-4703-A2DA-3304BCB63AC3}.Debug|ARM.Deploy.0 = Debug|ARM
		{F711EE9F-1189-4703-A2DA-3304BCB63AC3}.Debug|Mixed Platforms.ActiveCfg = Debug|x86
		{F711EE9F-1189-4703-A2DA-3304BCB63AC3}.Debug|x86.ActiveCfg = Debug|x86
		{F711EE9F-1189-4703-A2DA-3304BCB63AC3}.Debug|x86.Build.0 = Debug|x86
		{F711EE9F-1189-4703-A2DA-3304BCB63AC3}.Debug|x86.Deploy.0 = Debug|x86
		{F711EE9F-1189-4703-A2DA-3304BCB63AC3}.Release|Any CPU.ActiveCfg = Release|Any CPU
		{F711EE9F-1189-4703-A2DA-3304BCB63AC3}.Release|Any CPU.Build.0 = Release|Any CPU
		{F711EE9F-1189-4703-A2DA-3304BCB63AC3}.Release|Any CPU.Deploy.0 = Release|Any CPU
		{F711EE9F-1189-4703-A2DA-3304BCB63AC3}.Release|ARM.ActiveCfg = Release|ARM
		{F711EE9F-1189-4703-A2DA-3304BCB63AC3}.Release|ARM.Build.0 = Release|ARM
		{F711EE9F-1189-4703-A2DA-3304BCB63AC3}.Release|ARM.Deploy.0 = Release|ARM
		{F711EE9F-1189-4703-A2DA-3304BCB63AC3}.Release|Mixed Platforms.ActiveCfg = Release|x86
		{F711EE9F-1189-4703-A2DA-3304BCB63AC3}.Release|x86.ActiveCfg = Release|x86
		{F711EE9F-1189-4703-A2DA-3304BCB63AC3}.Release|x86.Build.0 = Release|x86
		{F711EE9F-1189-4703-A2DA-3304BCB63AC3}.Release|x86.Deploy.0 = Release|x86
		{DFD8B99E-4C34-4BAD-83D3-A21A9E163330}.Debug|Any CPU.ActiveCfg = Debug|Any CPU
		{DFD8B99E-4C34-4BAD-83D3-A21A9E163330}.Debug|Any CPU.Build.0 = Debug|Any CPU
		{DFD8B99E-4C34-4BAD-83D3-A21A9E163330}.Debug|Any CPU.Deploy.0 = Debug|Any CPU
		{DFD8B99E-4C34-4BAD-83D3-A21A9E163330}.Debug|ARM.ActiveCfg = Debug|ARM
		{DFD8B99E-4C34-4BAD-83D3-A21A9E163330}.Debug|ARM.Build.0 = Debug|ARM
		{DFD8B99E-4C34-4BAD-83D3-A21A9E163330}.Debug|ARM.Deploy.0 = Debug|ARM
		{DFD8B99E-4C34-4BAD-83D3-A21A9E163330}.Debug|Mixed Platforms.ActiveCfg = Debug|x86
		{DFD8B99E-4C34-4BAD-83D3-A21A9E163330}.Debug|x86.ActiveCfg = Debug|x86
		{DFD8B99E-4C34-4BAD-83D3-A21A9E163330}.Debug|x86.Build.0 = Debug|x86
		{DFD8B99E-4C34-4BAD-83D3-A21A9E163330}.Debug|x86.Deploy.0 = Debug|x86
		{DFD8B99E-4C34-4BAD-83D3-A21A9E163330}.Release|Any CPU.ActiveCfg = Release|Any CPU
		{DFD8B99E-4C34-4BAD-83D3-A21A9E163330}.Release|Any CPU.Build.0 = Release|Any CPU
		{DFD8B99E-4C34-4BAD-83D3-A21A9E163330}.Release|Any CPU.Deploy.0 = Release|Any CPU
		{DFD8B99E-4C34-4BAD-83D3-A21A9E163330}.Release|ARM.ActiveCfg = Release|ARM
		{DFD8B99E-4C34-4BAD-83D3-A21A9E163330}.Release|ARM.Build.0 = Release|ARM
		{DFD8B99E-4C34-4BAD-83D3-A21A9E163330}.Release|ARM.Deploy.0 = Release|ARM
		{DFD8B99E-4C34-4BAD-83D3-A21A9E163330}.Release|Mixed Platforms.ActiveCfg = Release|x86
		{DFD8B99E-4C34-4BAD-83D3-A21A9E163330}.Release|x86.ActiveCfg = Release|x86
		{DFD8B99E-4C34-4BAD-83D3-A21A9E163330}.Release|x86.Build.0 = Release|x86
		{DFD8B99E-4C34-4BAD-83D3-A21A9E163330}.Release|x86.Deploy.0 = Release|x86
		{A6C57291-0746-4D3D-BE07-861AF5E3A469}.Debug|Any CPU.ActiveCfg = Debug|Any CPU
		{A6C57291-0746-4D3D-BE07-861AF5E3A469}.Debug|Any CPU.Build.0 = Debug|Any CPU
		{A6C57291-0746-4D3D-BE07-861AF5E3A469}.Debug|ARM.ActiveCfg = Debug|Any CPU
		{A6C57291-0746-4D3D-BE07-861AF5E3A469}.Debug|Mixed Platforms.ActiveCfg = Debug|Any CPU
		{A6C57291-0746-4D3D-BE07-861AF5E3A469}.Debug|x86.ActiveCfg = Debug|Any CPU
		{A6C57291-0746-4D3D-BE07-861AF5E3A469}.Release|Any CPU.ActiveCfg = Release|Any CPU
		{A6C57291-0746-4D3D-BE07-861AF5E3A469}.Release|Any CPU.Build.0 = Release|Any CPU
		{A6C57291-0746-4D3D-BE07-861AF5E3A469}.Release|ARM.ActiveCfg = Release|Any CPU
		{A6C57291-0746-4D3D-BE07-861AF5E3A469}.Release|Mixed Platforms.ActiveCfg = Release|Any CPU
		{A6C57291-0746-4D3D-BE07-861AF5E3A469}.Release|x86.ActiveCfg = Release|Any CPU
		{64239C59-3C03-4DFD-8472-923FAAFE93F5}.Debug|Any CPU.ActiveCfg = Debug|Any CPU
		{64239C59-3C03-4DFD-8472-923FAAFE93F5}.Debug|Any CPU.Build.0 = Debug|Any CPU
		{64239C59-3C03-4DFD-8472-923FAAFE93F5}.Debug|ARM.ActiveCfg = Debug|Any CPU
		{64239C59-3C03-4DFD-8472-923FAAFE93F5}.Debug|Mixed Platforms.ActiveCfg = Debug|Any CPU
		{64239C59-3C03-4DFD-8472-923FAAFE93F5}.Debug|x86.ActiveCfg = Debug|Any CPU
		{64239C59-3C03-4DFD-8472-923FAAFE93F5}.Release|Any CPU.ActiveCfg = Release|Any CPU
		{64239C59-3C03-4DFD-8472-923FAAFE93F5}.Release|Any CPU.Build.0 = Release|Any CPU
		{64239C59-3C03-4DFD-8472-923FAAFE93F5}.Release|ARM.ActiveCfg = Release|Any CPU
		{64239C59-3C03-4DFD-8472-923FAAFE93F5}.Release|Mixed Platforms.ActiveCfg = Release|Any CPU
		{64239C59-3C03-4DFD-8472-923FAAFE93F5}.Release|x86.ActiveCfg = Release|Any CPU
		{D3705523-C529-46A1-BA44-1F2CBF375643}.Debug|Any CPU.ActiveCfg = Debug|Any CPU
		{D3705523-C529-46A1-BA44-1F2CBF375643}.Debug|Any CPU.Build.0 = Debug|Any CPU
		{D3705523-C529-46A1-BA44-1F2CBF375643}.Debug|Any CPU.Deploy.0 = Debug|Any CPU
		{D3705523-C529-46A1-BA44-1F2CBF375643}.Debug|ARM.ActiveCfg = Debug|ARM
		{D3705523-C529-46A1-BA44-1F2CBF375643}.Debug|ARM.Build.0 = Debug|ARM
		{D3705523-C529-46A1-BA44-1F2CBF375643}.Debug|ARM.Deploy.0 = Debug|ARM
		{D3705523-C529-46A1-BA44-1F2CBF375643}.Debug|Mixed Platforms.ActiveCfg = Debug|x86
		{D3705523-C529-46A1-BA44-1F2CBF375643}.Debug|x86.ActiveCfg = Debug|x86
		{D3705523-C529-46A1-BA44-1F2CBF375643}.Debug|x86.Build.0 = Debug|x86
		{D3705523-C529-46A1-BA44-1F2CBF375643}.Debug|x86.Deploy.0 = Debug|x86
		{D3705523-C529-46A1-BA44-1F2CBF375643}.Release|Any CPU.ActiveCfg = Release|Any CPU
		{D3705523-C529-46A1-BA44-1F2CBF375643}.Release|Any CPU.Build.0 = Release|Any CPU
		{D3705523-C529-46A1-BA44-1F2CBF375643}.Release|Any CPU.Deploy.0 = Release|Any CPU
		{D3705523-C529-46A1-BA44-1F2CBF375643}.Release|ARM.ActiveCfg = Release|ARM
		{D3705523-C529-46A1-BA44-1F2CBF375643}.Release|ARM.Build.0 = Release|ARM
		{D3705523-C529-46A1-BA44-1F2CBF375643}.Release|ARM.Deploy.0 = Release|ARM
		{D3705523-C529-46A1-BA44-1F2CBF375643}.Release|Mixed Platforms.ActiveCfg = Release|x86
		{D3705523-C529-46A1-BA44-1F2CBF375643}.Release|x86.ActiveCfg = Release|x86
		{D3705523-C529-46A1-BA44-1F2CBF375643}.Release|x86.Build.0 = Release|x86
		{D3705523-C529-46A1-BA44-1F2CBF375643}.Release|x86.Deploy.0 = Release|x86
		{E4886E4A-4A55-4682-AB4A-7751DF666033}.Debug|Any CPU.ActiveCfg = Debug|Any CPU
		{E4886E4A-4A55-4682-AB4A-7751DF666033}.Debug|Any CPU.Build.0 = Debug|Any CPU
		{E4886E4A-4A55-4682-AB4A-7751DF666033}.Debug|Any CPU.Deploy.0 = Debug|Any CPU
		{E4886E4A-4A55-4682-AB4A-7751DF666033}.Debug|ARM.ActiveCfg = Debug|ARM
		{E4886E4A-4A55-4682-AB4A-7751DF666033}.Debug|ARM.Build.0 = Debug|ARM
		{E4886E4A-4A55-4682-AB4A-7751DF666033}.Debug|ARM.Deploy.0 = Debug|ARM
		{E4886E4A-4A55-4682-AB4A-7751DF666033}.Debug|Mixed Platforms.ActiveCfg = Debug|x86
		{E4886E4A-4A55-4682-AB4A-7751DF666033}.Debug|x86.ActiveCfg = Debug|x86
		{E4886E4A-4A55-4682-AB4A-7751DF666033}.Debug|x86.Build.0 = Debug|x86
		{E4886E4A-4A55-4682-AB4A-7751DF666033}.Debug|x86.Deploy.0 = Debug|x86
		{E4886E4A-4A55-4682-AB4A-7751DF666033}.Release|Any CPU.ActiveCfg = Release|Any CPU
		{E4886E4A-4A55-4682-AB4A-7751DF666033}.Release|Any CPU.Build.0 = Release|Any CPU
		{E4886E4A-4A55-4682-AB4A-7751DF666033}.Release|Any CPU.Deploy.0 = Release|Any CPU
		{E4886E4A-4A55-4682-AB4A-7751DF666033}.Release|ARM.ActiveCfg = Release|ARM
		{E4886E4A-4A55-4682-AB4A-7751DF666033}.Release|ARM.Build.0 = Release|ARM
		{E4886E4A-4A55-4682-AB4A-7751DF666033}.Release|ARM.Deploy.0 = Release|ARM
		{E4886E4A-4A55-4682-AB4A-7751DF666033}.Release|Mixed Platforms.ActiveCfg = Release|x86
		{E4886E4A-4A55-4682-AB4A-7751DF666033}.Release|x86.ActiveCfg = Release|x86
		{E4886E4A-4A55-4682-AB4A-7751DF666033}.Release|x86.Build.0 = Release|x86
		{E4886E4A-4A55-4682-AB4A-7751DF666033}.Release|x86.Deploy.0 = Release|x86
		{9B715BC4-84CE-496C-8496-24BA42F17FCD}.Debug|Any CPU.ActiveCfg = Debug|Any CPU
		{9B715BC4-84CE-496C-8496-24BA42F17FCD}.Debug|Any CPU.Build.0 = Debug|Any CPU
		{9B715BC4-84CE-496C-8496-24BA42F17FCD}.Debug|Any CPU.Deploy.0 = Debug|Any CPU
		{9B715BC4-84CE-496C-8496-24BA42F17FCD}.Debug|ARM.ActiveCfg = Debug|ARM
		{9B715BC4-84CE-496C-8496-24BA42F17FCD}.Debug|ARM.Build.0 = Debug|ARM
		{9B715BC4-84CE-496C-8496-24BA42F17FCD}.Debug|ARM.Deploy.0 = Debug|ARM
		{9B715BC4-84CE-496C-8496-24BA42F17FCD}.Debug|Mixed Platforms.ActiveCfg = Debug|x86
		{9B715BC4-84CE-496C-8496-24BA42F17FCD}.Debug|x86.ActiveCfg = Debug|x86
		{9B715BC4-84CE-496C-8496-24BA42F17FCD}.Debug|x86.Build.0 = Debug|x86
		{9B715BC4-84CE-496C-8496-24BA42F17FCD}.Debug|x86.Deploy.0 = Debug|x86
		{9B715BC4-84CE-496C-8496-24BA42F17FCD}.Release|Any CPU.ActiveCfg = Release|Any CPU
		{9B715BC4-84CE-496C-8496-24BA42F17FCD}.Release|Any CPU.Build.0 = Release|Any CPU
		{9B715BC4-84CE-496C-8496-24BA42F17FCD}.Release|Any CPU.Deploy.0 = Release|Any CPU
		{9B715BC4-84CE-496C-8496-24BA42F17FCD}.Release|ARM.ActiveCfg = Release|ARM
		{9B715BC4-84CE-496C-8496-24BA42F17FCD}.Release|ARM.Build.0 = Release|ARM
		{9B715BC4-84CE-496C-8496-24BA42F17FCD}.Release|ARM.Deploy.0 = Release|ARM
		{9B715BC4-84CE-496C-8496-24BA42F17FCD}.Release|Mixed Platforms.ActiveCfg = Release|x86
		{9B715BC4-84CE-496C-8496-24BA42F17FCD}.Release|x86.ActiveCfg = Release|x86
		{9B715BC4-84CE-496C-8496-24BA42F17FCD}.Release|x86.Build.0 = Release|x86
		{9B715BC4-84CE-496C-8496-24BA42F17FCD}.Release|x86.Deploy.0 = Release|x86
		{D53F20A4-3F75-418C-B5FA-8C08A0985E69}.Debug|Any CPU.ActiveCfg = Debug|Any CPU
		{D53F20A4-3F75-418C-B5FA-8C08A0985E69}.Debug|Any CPU.Build.0 = Debug|Any CPU
		{D53F20A4-3F75-418C-B5FA-8C08A0985E69}.Debug|Any CPU.Deploy.0 = Debug|Any CPU
		{D53F20A4-3F75-418C-B5FA-8C08A0985E69}.Debug|ARM.ActiveCfg = Debug|ARM
		{D53F20A4-3F75-418C-B5FA-8C08A0985E69}.Debug|ARM.Build.0 = Debug|ARM
		{D53F20A4-3F75-418C-B5FA-8C08A0985E69}.Debug|ARM.Deploy.0 = Debug|ARM
		{D53F20A4-3F75-418C-B5FA-8C08A0985E69}.Debug|Mixed Platforms.ActiveCfg = Debug|x86
		{D53F20A4-3F75-418C-B5FA-8C08A0985E69}.Debug|x86.ActiveCfg = Debug|x86
		{D53F20A4-3F75-418C-B5FA-8C08A0985E69}.Debug|x86.Build.0 = Debug|x86
		{D53F20A4-3F75-418C-B5FA-8C08A0985E69}.Debug|x86.Deploy.0 = Debug|x86
		{D53F20A4-3F75-418C-B5FA-8C08A0985E69}.Release|Any CPU.ActiveCfg = Release|Any CPU
		{D53F20A4-3F75-418C-B5FA-8C08A0985E69}.Release|Any CPU.Build.0 = Release|Any CPU
		{D53F20A4-3F75-418C-B5FA-8C08A0985E69}.Release|Any CPU.Deploy.0 = Release|Any CPU
		{D53F20A4-3F75-418C-B5FA-8C08A0985E69}.Release|ARM.ActiveCfg = Release|ARM
		{D53F20A4-3F75-418C-B5FA-8C08A0985E69}.Release|ARM.Build.0 = Release|ARM
		{D53F20A4-3F75-418C-B5FA-8C08A0985E69}.Release|ARM.Deploy.0 = Release|ARM
		{D53F20A4-3F75-418C-B5FA-8C08A0985E69}.Release|Mixed Platforms.ActiveCfg = Release|x86
		{D53F20A4-3F75-418C-B5FA-8C08A0985E69}.Release|x86.ActiveCfg = Release|x86
		{D53F20A4-3F75-418C-B5FA-8C08A0985E69}.Release|x86.Build.0 = Release|x86
		{D53F20A4-3F75-418C-B5FA-8C08A0985E69}.Release|x86.Deploy.0 = Release|x86
		{8930A99F-4DDB-4322-9DEE-2B19FDABE8E6}.Debug|Any CPU.ActiveCfg = Debug|Any CPU
		{8930A99F-4DDB-4322-9DEE-2B19FDABE8E6}.Debug|Any CPU.Build.0 = Debug|Any CPU
		{8930A99F-4DDB-4322-9DEE-2B19FDABE8E6}.Debug|ARM.ActiveCfg = Debug|Any CPU
		{8930A99F-4DDB-4322-9DEE-2B19FDABE8E6}.Debug|Mixed Platforms.ActiveCfg = Debug|Any CPU
		{8930A99F-4DDB-4322-9DEE-2B19FDABE8E6}.Debug|Mixed Platforms.Build.0 = Debug|Any CPU
		{8930A99F-4DDB-4322-9DEE-2B19FDABE8E6}.Debug|x86.ActiveCfg = Debug|Any CPU
		{8930A99F-4DDB-4322-9DEE-2B19FDABE8E6}.Release|Any CPU.ActiveCfg = Release|Any CPU
		{8930A99F-4DDB-4322-9DEE-2B19FDABE8E6}.Release|Any CPU.Build.0 = Release|Any CPU
		{8930A99F-4DDB-4322-9DEE-2B19FDABE8E6}.Release|ARM.ActiveCfg = Release|Any CPU
		{8930A99F-4DDB-4322-9DEE-2B19FDABE8E6}.Release|Mixed Platforms.ActiveCfg = Release|Any CPU
		{8930A99F-4DDB-4322-9DEE-2B19FDABE8E6}.Release|Mixed Platforms.Build.0 = Release|Any CPU
		{8930A99F-4DDB-4322-9DEE-2B19FDABE8E6}.Release|x86.ActiveCfg = Release|Any CPU
		{AC102939-ED18-4FEA-8350-2ADC549489A8}.Debug|Any CPU.ActiveCfg = Debug|Any CPU
		{AC102939-ED18-4FEA-8350-2ADC549489A8}.Debug|Any CPU.Build.0 = Debug|Any CPU
		{AC102939-ED18-4FEA-8350-2ADC549489A8}.Debug|ARM.ActiveCfg = Debug|Any CPU
		{AC102939-ED18-4FEA-8350-2ADC549489A8}.Debug|Mixed Platforms.ActiveCfg = Debug|Any CPU
		{AC102939-ED18-4FEA-8350-2ADC549489A8}.Debug|Mixed Platforms.Build.0 = Debug|Any CPU
		{AC102939-ED18-4FEA-8350-2ADC549489A8}.Debug|x86.ActiveCfg = Debug|Any CPU
		{AC102939-ED18-4FEA-8350-2ADC549489A8}.Release|Any CPU.ActiveCfg = Release|Any CPU
		{AC102939-ED18-4FEA-8350-2ADC549489A8}.Release|Any CPU.Build.0 = Release|Any CPU
		{AC102939-ED18-4FEA-8350-2ADC549489A8}.Release|ARM.ActiveCfg = Release|Any CPU
		{AC102939-ED18-4FEA-8350-2ADC549489A8}.Release|Mixed Platforms.ActiveCfg = Release|Any CPU
		{AC102939-ED18-4FEA-8350-2ADC549489A8}.Release|Mixed Platforms.Build.0 = Release|Any CPU
		{AC102939-ED18-4FEA-8350-2ADC549489A8}.Release|x86.ActiveCfg = Release|Any CPU
		{A7C54509-1856-4B61-B5B3-F7BED199551F}.Debug|Any CPU.ActiveCfg = Debug|Any CPU
		{A7C54509-1856-4B61-B5B3-F7BED199551F}.Debug|Any CPU.Build.0 = Debug|Any CPU
		{A7C54509-1856-4B61-B5B3-F7BED199551F}.Debug|Any CPU.Deploy.0 = Debug|Any CPU
		{A7C54509-1856-4B61-B5B3-F7BED199551F}.Debug|ARM.ActiveCfg = Debug|ARM
		{A7C54509-1856-4B61-B5B3-F7BED199551F}.Debug|ARM.Build.0 = Debug|ARM
		{A7C54509-1856-4B61-B5B3-F7BED199551F}.Debug|ARM.Deploy.0 = Debug|ARM
		{A7C54509-1856-4B61-B5B3-F7BED199551F}.Debug|Mixed Platforms.ActiveCfg = Debug|x86
		{A7C54509-1856-4B61-B5B3-F7BED199551F}.Debug|Mixed Platforms.Build.0 = Debug|x86
		{A7C54509-1856-4B61-B5B3-F7BED199551F}.Debug|Mixed Platforms.Deploy.0 = Debug|x86
		{A7C54509-1856-4B61-B5B3-F7BED199551F}.Debug|x86.ActiveCfg = Debug|x86
		{A7C54509-1856-4B61-B5B3-F7BED199551F}.Debug|x86.Build.0 = Debug|x86
		{A7C54509-1856-4B61-B5B3-F7BED199551F}.Debug|x86.Deploy.0 = Debug|x86
		{A7C54509-1856-4B61-B5B3-F7BED199551F}.Release|Any CPU.ActiveCfg = Release|Any CPU
		{A7C54509-1856-4B61-B5B3-F7BED199551F}.Release|Any CPU.Build.0 = Release|Any CPU
		{A7C54509-1856-4B61-B5B3-F7BED199551F}.Release|Any CPU.Deploy.0 = Release|Any CPU
		{A7C54509-1856-4B61-B5B3-F7BED199551F}.Release|ARM.ActiveCfg = Release|ARM
		{A7C54509-1856-4B61-B5B3-F7BED199551F}.Release|ARM.Build.0 = Release|ARM
		{A7C54509-1856-4B61-B5B3-F7BED199551F}.Release|ARM.Deploy.0 = Release|ARM
		{A7C54509-1856-4B61-B5B3-F7BED199551F}.Release|Mixed Platforms.ActiveCfg = Release|x86
		{A7C54509-1856-4B61-B5B3-F7BED199551F}.Release|Mixed Platforms.Build.0 = Release|x86
		{A7C54509-1856-4B61-B5B3-F7BED199551F}.Release|Mixed Platforms.Deploy.0 = Release|x86
		{A7C54509-1856-4B61-B5B3-F7BED199551F}.Release|x86.ActiveCfg = Release|x86
		{A7C54509-1856-4B61-B5B3-F7BED199551F}.Release|x86.Build.0 = Release|x86
		{A7C54509-1856-4B61-B5B3-F7BED199551F}.Release|x86.Deploy.0 = Release|x86
		{9D3A51D0-465F-44E2-9D19-D81B4B112C8B}.Debug|Any CPU.ActiveCfg = Debug|Any CPU
		{9D3A51D0-465F-44E2-9D19-D81B4B112C8B}.Debug|Any CPU.Build.0 = Debug|Any CPU
		{9D3A51D0-465F-44E2-9D19-D81B4B112C8B}.Debug|Any CPU.Deploy.0 = Debug|Any CPU
		{9D3A51D0-465F-44E2-9D19-D81B4B112C8B}.Debug|ARM.ActiveCfg = Debug|ARM
		{9D3A51D0-465F-44E2-9D19-D81B4B112C8B}.Debug|ARM.Build.0 = Debug|ARM
		{9D3A51D0-465F-44E2-9D19-D81B4B112C8B}.Debug|ARM.Deploy.0 = Debug|ARM
		{9D3A51D0-465F-44E2-9D19-D81B4B112C8B}.Debug|Mixed Platforms.ActiveCfg = Debug|x86
		{9D3A51D0-465F-44E2-9D19-D81B4B112C8B}.Debug|Mixed Platforms.Build.0 = Debug|x86
		{9D3A51D0-465F-44E2-9D19-D81B4B112C8B}.Debug|Mixed Platforms.Deploy.0 = Debug|x86
		{9D3A51D0-465F-44E2-9D19-D81B4B112C8B}.Debug|x86.ActiveCfg = Debug|x86
		{9D3A51D0-465F-44E2-9D19-D81B4B112C8B}.Debug|x86.Build.0 = Debug|x86
		{9D3A51D0-465F-44E2-9D19-D81B4B112C8B}.Debug|x86.Deploy.0 = Debug|x86
		{9D3A51D0-465F-44E2-9D19-D81B4B112C8B}.Release|Any CPU.ActiveCfg = Release|Any CPU
		{9D3A51D0-465F-44E2-9D19-D81B4B112C8B}.Release|Any CPU.Build.0 = Release|Any CPU
		{9D3A51D0-465F-44E2-9D19-D81B4B112C8B}.Release|Any CPU.Deploy.0 = Release|Any CPU
		{9D3A51D0-465F-44E2-9D19-D81B4B112C8B}.Release|ARM.ActiveCfg = Release|ARM
		{9D3A51D0-465F-44E2-9D19-D81B4B112C8B}.Release|ARM.Build.0 = Release|ARM
		{9D3A51D0-465F-44E2-9D19-D81B4B112C8B}.Release|ARM.Deploy.0 = Release|ARM
		{9D3A51D0-465F-44E2-9D19-D81B4B112C8B}.Release|Mixed Platforms.ActiveCfg = Release|x86
		{9D3A51D0-465F-44E2-9D19-D81B4B112C8B}.Release|Mixed Platforms.Build.0 = Release|x86
		{9D3A51D0-465F-44E2-9D19-D81B4B112C8B}.Release|Mixed Platforms.Deploy.0 = Release|x86
		{9D3A51D0-465F-44E2-9D19-D81B4B112C8B}.Release|x86.ActiveCfg = Release|x86
		{9D3A51D0-465F-44E2-9D19-D81B4B112C8B}.Release|x86.Build.0 = Release|x86
		{9D3A51D0-465F-44E2-9D19-D81B4B112C8B}.Release|x86.Deploy.0 = Release|x86
		{D4E5168F-BC00-404D-8CD3-E5B1D47B299F}.Debug|Any CPU.ActiveCfg = Debug|Any CPU
		{D4E5168F-BC00-404D-8CD3-E5B1D47B299F}.Debug|Any CPU.Build.0 = Debug|Any CPU
		{D4E5168F-BC00-404D-8CD3-E5B1D47B299F}.Debug|Any CPU.Deploy.0 = Debug|Any CPU
		{D4E5168F-BC00-404D-8CD3-E5B1D47B299F}.Debug|ARM.ActiveCfg = Debug|ARM
		{D4E5168F-BC00-404D-8CD3-E5B1D47B299F}.Debug|ARM.Build.0 = Debug|ARM
		{D4E5168F-BC00-404D-8CD3-E5B1D47B299F}.Debug|ARM.Deploy.0 = Debug|ARM
		{D4E5168F-BC00-404D-8CD3-E5B1D47B299F}.Debug|Mixed Platforms.ActiveCfg = Debug|x86
		{D4E5168F-BC00-404D-8CD3-E5B1D47B299F}.Debug|Mixed Platforms.Build.0 = Debug|x86
		{D4E5168F-BC00-404D-8CD3-E5B1D47B299F}.Debug|Mixed Platforms.Deploy.0 = Debug|x86
		{D4E5168F-BC00-404D-8CD3-E5B1D47B299F}.Debug|x86.ActiveCfg = Debug|x86
		{D4E5168F-BC00-404D-8CD3-E5B1D47B299F}.Debug|x86.Build.0 = Debug|x86
		{D4E5168F-BC00-404D-8CD3-E5B1D47B299F}.Debug|x86.Deploy.0 = Debug|x86
		{D4E5168F-BC00-404D-8CD3-E5B1D47B299F}.Release|Any CPU.ActiveCfg = Release|Any CPU
		{D4E5168F-BC00-404D-8CD3-E5B1D47B299F}.Release|Any CPU.Build.0 = Release|Any CPU
		{D4E5168F-BC00-404D-8CD3-E5B1D47B299F}.Release|Any CPU.Deploy.0 = Release|Any CPU
		{D4E5168F-BC00-404D-8CD3-E5B1D47B299F}.Release|ARM.ActiveCfg = Release|ARM
		{D4E5168F-BC00-404D-8CD3-E5B1D47B299F}.Release|ARM.Build.0 = Release|ARM
		{D4E5168F-BC00-404D-8CD3-E5B1D47B299F}.Release|ARM.Deploy.0 = Release|ARM
		{D4E5168F-BC00-404D-8CD3-E5B1D47B299F}.Release|Mixed Platforms.ActiveCfg = Release|x86
		{D4E5168F-BC00-404D-8CD3-E5B1D47B299F}.Release|Mixed Platforms.Build.0 = Release|x86
		{D4E5168F-BC00-404D-8CD3-E5B1D47B299F}.Release|Mixed Platforms.Deploy.0 = Release|x86
		{D4E5168F-BC00-404D-8CD3-E5B1D47B299F}.Release|x86.ActiveCfg = Release|x86
		{D4E5168F-BC00-404D-8CD3-E5B1D47B299F}.Release|x86.Build.0 = Release|x86
		{D4E5168F-BC00-404D-8CD3-E5B1D47B299F}.Release|x86.Deploy.0 = Release|x86
		{91C5A43C-0609-411F-A40A-35657C814107}.Debug|Any CPU.ActiveCfg = Debug|Any CPU
		{91C5A43C-0609-411F-A40A-35657C814107}.Debug|Any CPU.Build.0 = Debug|Any CPU
		{91C5A43C-0609-411F-A40A-35657C814107}.Debug|Any CPU.Deploy.0 = Debug|Any CPU
		{91C5A43C-0609-411F-A40A-35657C814107}.Debug|ARM.ActiveCfg = Debug|ARM
		{91C5A43C-0609-411F-A40A-35657C814107}.Debug|ARM.Build.0 = Debug|ARM
		{91C5A43C-0609-411F-A40A-35657C814107}.Debug|ARM.Deploy.0 = Debug|ARM
		{91C5A43C-0609-411F-A40A-35657C814107}.Debug|Mixed Platforms.ActiveCfg = Debug|x86
		{91C5A43C-0609-411F-A40A-35657C814107}.Debug|Mixed Platforms.Build.0 = Debug|x86
		{91C5A43C-0609-411F-A40A-35657C814107}.Debug|Mixed Platforms.Deploy.0 = Debug|x86
		{91C5A43C-0609-411F-A40A-35657C814107}.Debug|x86.ActiveCfg = Debug|x86
		{91C5A43C-0609-411F-A40A-35657C814107}.Debug|x86.Build.0 = Debug|x86
		{91C5A43C-0609-411F-A40A-35657C814107}.Debug|x86.Deploy.0 = Debug|x86
		{91C5A43C-0609-411F-A40A-35657C814107}.Release|Any CPU.ActiveCfg = Release|Any CPU
		{91C5A43C-0609-411F-A40A-35657C814107}.Release|Any CPU.Build.0 = Release|Any CPU
		{91C5A43C-0609-411F-A40A-35657C814107}.Release|Any CPU.Deploy.0 = Release|Any CPU
		{91C5A43C-0609-411F-A40A-35657C814107}.Release|ARM.ActiveCfg = Release|ARM
		{91C5A43C-0609-411F-A40A-35657C814107}.Release|ARM.Build.0 = Release|ARM
		{91C5A43C-0609-411F-A40A-35657C814107}.Release|ARM.Deploy.0 = Release|ARM
		{91C5A43C-0609-411F-A40A-35657C814107}.Release|Mixed Platforms.ActiveCfg = Release|x86
		{91C5A43C-0609-411F-A40A-35657C814107}.Release|Mixed Platforms.Build.0 = Release|x86
		{91C5A43C-0609-411F-A40A-35657C814107}.Release|Mixed Platforms.Deploy.0 = Release|x86
		{91C5A43C-0609-411F-A40A-35657C814107}.Release|x86.ActiveCfg = Release|x86
		{91C5A43C-0609-411F-A40A-35657C814107}.Release|x86.Build.0 = Release|x86
		{91C5A43C-0609-411F-A40A-35657C814107}.Release|x86.Deploy.0 = Release|x86
		{18F35AF1-E8D9-45D1-8780-57A1F2BA9CC5}.Debug|Any CPU.ActiveCfg = Debug|Any CPU
		{18F35AF1-E8D9-45D1-8780-57A1F2BA9CC5}.Debug|Any CPU.Build.0 = Debug|Any CPU
		{18F35AF1-E8D9-45D1-8780-57A1F2BA9CC5}.Debug|Any CPU.Deploy.0 = Debug|Any CPU
		{18F35AF1-E8D9-45D1-8780-57A1F2BA9CC5}.Debug|ARM.ActiveCfg = Debug|ARM
		{18F35AF1-E8D9-45D1-8780-57A1F2BA9CC5}.Debug|ARM.Build.0 = Debug|ARM
		{18F35AF1-E8D9-45D1-8780-57A1F2BA9CC5}.Debug|ARM.Deploy.0 = Debug|ARM
		{18F35AF1-E8D9-45D1-8780-57A1F2BA9CC5}.Debug|Mixed Platforms.ActiveCfg = Debug|x86
		{18F35AF1-E8D9-45D1-8780-57A1F2BA9CC5}.Debug|Mixed Platforms.Build.0 = Debug|x86
		{18F35AF1-E8D9-45D1-8780-57A1F2BA9CC5}.Debug|Mixed Platforms.Deploy.0 = Debug|x86
		{18F35AF1-E8D9-45D1-8780-57A1F2BA9CC5}.Debug|x86.ActiveCfg = Debug|x86
		{18F35AF1-E8D9-45D1-8780-57A1F2BA9CC5}.Debug|x86.Build.0 = Debug|x86
		{18F35AF1-E8D9-45D1-8780-57A1F2BA9CC5}.Debug|x86.Deploy.0 = Debug|x86
		{18F35AF1-E8D9-45D1-8780-57A1F2BA9CC5}.Release|Any CPU.ActiveCfg = Release|Any CPU
		{18F35AF1-E8D9-45D1-8780-57A1F2BA9CC5}.Release|Any CPU.Build.0 = Release|Any CPU
		{18F35AF1-E8D9-45D1-8780-57A1F2BA9CC5}.Release|Any CPU.Deploy.0 = Release|Any CPU
		{18F35AF1-E8D9-45D1-8780-57A1F2BA9CC5}.Release|ARM.ActiveCfg = Release|ARM
		{18F35AF1-E8D9-45D1-8780-57A1F2BA9CC5}.Release|ARM.Build.0 = Release|ARM
		{18F35AF1-E8D9-45D1-8780-57A1F2BA9CC5}.Release|ARM.Deploy.0 = Release|ARM
		{18F35AF1-E8D9-45D1-8780-57A1F2BA9CC5}.Release|Mixed Platforms.ActiveCfg = Release|x86
		{18F35AF1-E8D9-45D1-8780-57A1F2BA9CC5}.Release|Mixed Platforms.Build.0 = Release|x86
		{18F35AF1-E8D9-45D1-8780-57A1F2BA9CC5}.Release|Mixed Platforms.Deploy.0 = Release|x86
		{18F35AF1-E8D9-45D1-8780-57A1F2BA9CC5}.Release|x86.ActiveCfg = Release|x86
		{18F35AF1-E8D9-45D1-8780-57A1F2BA9CC5}.Release|x86.Build.0 = Release|x86
		{18F35AF1-E8D9-45D1-8780-57A1F2BA9CC5}.Release|x86.Deploy.0 = Release|x86
		{D40053B4-AECA-44CC-9B34-6D6437B07E15}.Debug|Any CPU.ActiveCfg = Debug|Any CPU
		{D40053B4-AECA-44CC-9B34-6D6437B07E15}.Debug|Any CPU.Build.0 = Debug|Any CPU
		{D40053B4-AECA-44CC-9B34-6D6437B07E15}.Debug|Any CPU.Deploy.0 = Debug|Any CPU
		{D40053B4-AECA-44CC-9B34-6D6437B07E15}.Debug|ARM.ActiveCfg = Debug|ARM
		{D40053B4-AECA-44CC-9B34-6D6437B07E15}.Debug|ARM.Build.0 = Debug|ARM
		{D40053B4-AECA-44CC-9B34-6D6437B07E15}.Debug|ARM.Deploy.0 = Debug|ARM
		{D40053B4-AECA-44CC-9B34-6D6437B07E15}.Debug|Mixed Platforms.ActiveCfg = Debug|x86
		{D40053B4-AECA-44CC-9B34-6D6437B07E15}.Debug|Mixed Platforms.Build.0 = Debug|x86
		{D40053B4-AECA-44CC-9B34-6D6437B07E15}.Debug|Mixed Platforms.Deploy.0 = Debug|x86
		{D40053B4-AECA-44CC-9B34-6D6437B07E15}.Debug|x86.ActiveCfg = Debug|x86
		{D40053B4-AECA-44CC-9B34-6D6437B07E15}.Debug|x86.Build.0 = Debug|x86
		{D40053B4-AECA-44CC-9B34-6D6437B07E15}.Debug|x86.Deploy.0 = Debug|x86
		{D40053B4-AECA-44CC-9B34-6D6437B07E15}.Release|Any CPU.ActiveCfg = Release|Any CPU
		{D40053B4-AECA-44CC-9B34-6D6437B07E15}.Release|Any CPU.Build.0 = Release|Any CPU
		{D40053B4-AECA-44CC-9B34-6D6437B07E15}.Release|Any CPU.Deploy.0 = Release|Any CPU
		{D40053B4-AECA-44CC-9B34-6D6437B07E15}.Release|ARM.ActiveCfg = Release|ARM
		{D40053B4-AECA-44CC-9B34-6D6437B07E15}.Release|ARM.Build.0 = Release|ARM
		{D40053B4-AECA-44CC-9B34-6D6437B07E15}.Release|ARM.Deploy.0 = Release|ARM
		{D40053B4-AECA-44CC-9B34-6D6437B07E15}.Release|Mixed Platforms.ActiveCfg = Release|x86
		{D40053B4-AECA-44CC-9B34-6D6437B07E15}.Release|Mixed Platforms.Build.0 = Release|x86
		{D40053B4-AECA-44CC-9B34-6D6437B07E15}.Release|Mixed Platforms.Deploy.0 = Release|x86
		{D40053B4-AECA-44CC-9B34-6D6437B07E15}.Release|x86.ActiveCfg = Release|x86
		{D40053B4-AECA-44CC-9B34-6D6437B07E15}.Release|x86.Build.0 = Release|x86
		{D40053B4-AECA-44CC-9B34-6D6437B07E15}.Release|x86.Deploy.0 = Release|x86
		{9847A992-2EA4-4655-B6D9-9DCD1C4A2185}.Debug|Any CPU.ActiveCfg = Debug|Any CPU
		{9847A992-2EA4-4655-B6D9-9DCD1C4A2185}.Debug|Any CPU.Build.0 = Debug|Any CPU
		{9847A992-2EA4-4655-B6D9-9DCD1C4A2185}.Debug|Any CPU.Deploy.0 = Debug|Any CPU
		{9847A992-2EA4-4655-B6D9-9DCD1C4A2185}.Debug|ARM.ActiveCfg = Debug|ARM
		{9847A992-2EA4-4655-B6D9-9DCD1C4A2185}.Debug|ARM.Build.0 = Debug|ARM
		{9847A992-2EA4-4655-B6D9-9DCD1C4A2185}.Debug|ARM.Deploy.0 = Debug|ARM
		{9847A992-2EA4-4655-B6D9-9DCD1C4A2185}.Debug|Mixed Platforms.ActiveCfg = Debug|x86
		{9847A992-2EA4-4655-B6D9-9DCD1C4A2185}.Debug|Mixed Platforms.Build.0 = Debug|x86
		{9847A992-2EA4-4655-B6D9-9DCD1C4A2185}.Debug|Mixed Platforms.Deploy.0 = Debug|x86
		{9847A992-2EA4-4655-B6D9-9DCD1C4A2185}.Debug|x86.ActiveCfg = Debug|x86
		{9847A992-2EA4-4655-B6D9-9DCD1C4A2185}.Debug|x86.Build.0 = Debug|x86
		{9847A992-2EA4-4655-B6D9-9DCD1C4A2185}.Debug|x86.Deploy.0 = Debug|x86
		{9847A992-2EA4-4655-B6D9-9DCD1C4A2185}.Release|Any CPU.ActiveCfg = Release|Any CPU
		{9847A992-2EA4-4655-B6D9-9DCD1C4A2185}.Release|Any CPU.Build.0 = Release|Any CPU
		{9847A992-2EA4-4655-B6D9-9DCD1C4A2185}.Release|Any CPU.Deploy.0 = Release|Any CPU
		{9847A992-2EA4-4655-B6D9-9DCD1C4A2185}.Release|ARM.ActiveCfg = Release|ARM
		{9847A992-2EA4-4655-B6D9-9DCD1C4A2185}.Release|ARM.Build.0 = Release|ARM
		{9847A992-2EA4-4655-B6D9-9DCD1C4A2185}.Release|ARM.Deploy.0 = Release|ARM
		{9847A992-2EA4-4655-B6D9-9DCD1C4A2185}.Release|Mixed Platforms.ActiveCfg = Release|x86
		{9847A992-2EA4-4655-B6D9-9DCD1C4A2185}.Release|Mixed Platforms.Build.0 = Release|x86
		{9847A992-2EA4-4655-B6D9-9DCD1C4A2185}.Release|Mixed Platforms.Deploy.0 = Release|x86
		{9847A992-2EA4-4655-B6D9-9DCD1C4A2185}.Release|x86.ActiveCfg = Release|x86
		{9847A992-2EA4-4655-B6D9-9DCD1C4A2185}.Release|x86.Build.0 = Release|x86
		{9847A992-2EA4-4655-B6D9-9DCD1C4A2185}.Release|x86.Deploy.0 = Release|x86
		{9E0E5A11-B493-4A8A-949B-20E3B83B7089}.Debug|Any CPU.ActiveCfg = Debug|Any CPU
		{9E0E5A11-B493-4A8A-949B-20E3B83B7089}.Debug|Any CPU.Build.0 = Debug|Any CPU
		{9E0E5A11-B493-4A8A-949B-20E3B83B7089}.Debug|Any CPU.Deploy.0 = Debug|Any CPU
		{9E0E5A11-B493-4A8A-949B-20E3B83B7089}.Debug|ARM.ActiveCfg = Debug|ARM
		{9E0E5A11-B493-4A8A-949B-20E3B83B7089}.Debug|ARM.Build.0 = Debug|ARM
		{9E0E5A11-B493-4A8A-949B-20E3B83B7089}.Debug|ARM.Deploy.0 = Debug|ARM
		{9E0E5A11-B493-4A8A-949B-20E3B83B7089}.Debug|Mixed Platforms.ActiveCfg = Debug|x86
		{9E0E5A11-B493-4A8A-949B-20E3B83B7089}.Debug|Mixed Platforms.Build.0 = Debug|x86
		{9E0E5A11-B493-4A8A-949B-20E3B83B7089}.Debug|Mixed Platforms.Deploy.0 = Debug|x86
		{9E0E5A11-B493-4A8A-949B-20E3B83B7089}.Debug|x86.ActiveCfg = Debug|x86
		{9E0E5A11-B493-4A8A-949B-20E3B83B7089}.Debug|x86.Build.0 = Debug|x86
		{9E0E5A11-B493-4A8A-949B-20E3B83B7089}.Debug|x86.Deploy.0 = Debug|x86
		{9E0E5A11-B493-4A8A-949B-20E3B83B7089}.Release|Any CPU.ActiveCfg = Release|Any CPU
		{9E0E5A11-B493-4A8A-949B-20E3B83B7089}.Release|Any CPU.Build.0 = Release|Any CPU
		{9E0E5A11-B493-4A8A-949B-20E3B83B7089}.Release|Any CPU.Deploy.0 = Release|Any CPU
		{9E0E5A11-B493-4A8A-949B-20E3B83B7089}.Release|ARM.ActiveCfg = Release|ARM
		{9E0E5A11-B493-4A8A-949B-20E3B83B7089}.Release|ARM.Build.0 = Release|ARM
		{9E0E5A11-B493-4A8A-949B-20E3B83B7089}.Release|ARM.Deploy.0 = Release|ARM
		{9E0E5A11-B493-4A8A-949B-20E3B83B7089}.Release|Mixed Platforms.ActiveCfg = Release|x86
		{9E0E5A11-B493-4A8A-949B-20E3B83B7089}.Release|Mixed Platforms.Build.0 = Release|x86
		{9E0E5A11-B493-4A8A-949B-20E3B83B7089}.Release|Mixed Platforms.Deploy.0 = Release|x86
		{9E0E5A11-B493-4A8A-949B-20E3B83B7089}.Release|x86.ActiveCfg = Release|x86
		{9E0E5A11-B493-4A8A-949B-20E3B83B7089}.Release|x86.Build.0 = Release|x86
		{9E0E5A11-B493-4A8A-949B-20E3B83B7089}.Release|x86.Deploy.0 = Release|x86
		{C44ACC33-2D98-4D62-8655-B7752E189005}.Debug|Any CPU.ActiveCfg = Debug|Any CPU
		{C44ACC33-2D98-4D62-8655-B7752E189005}.Debug|Any CPU.Build.0 = Debug|Any CPU
		{C44ACC33-2D98-4D62-8655-B7752E189005}.Debug|ARM.ActiveCfg = Debug|Any CPU
		{C44ACC33-2D98-4D62-8655-B7752E189005}.Debug|Mixed Platforms.ActiveCfg = Debug|Any CPU
		{C44ACC33-2D98-4D62-8655-B7752E189005}.Debug|Mixed Platforms.Build.0 = Debug|Any CPU
		{C44ACC33-2D98-4D62-8655-B7752E189005}.Debug|x86.ActiveCfg = Debug|Any CPU
		{C44ACC33-2D98-4D62-8655-B7752E189005}.Release|Any CPU.ActiveCfg = Release|Any CPU
		{C44ACC33-2D98-4D62-8655-B7752E189005}.Release|Any CPU.Build.0 = Release|Any CPU
		{C44ACC33-2D98-4D62-8655-B7752E189005}.Release|ARM.ActiveCfg = Release|Any CPU
		{C44ACC33-2D98-4D62-8655-B7752E189005}.Release|Mixed Platforms.ActiveCfg = Release|Any CPU
		{C44ACC33-2D98-4D62-8655-B7752E189005}.Release|Mixed Platforms.Build.0 = Release|Any CPU
		{C44ACC33-2D98-4D62-8655-B7752E189005}.Release|x86.ActiveCfg = Release|Any CPU
		{55E06E3E-4E45-4440-8C79-057C6C2F5290}.Debug|Any CPU.ActiveCfg = Debug|Any CPU
		{55E06E3E-4E45-4440-8C79-057C6C2F5290}.Debug|Any CPU.Build.0 = Debug|Any CPU
		{55E06E3E-4E45-4440-8C79-057C6C2F5290}.Debug|ARM.ActiveCfg = Debug|Any CPU
		{55E06E3E-4E45-4440-8C79-057C6C2F5290}.Debug|Mixed Platforms.ActiveCfg = Debug|Any CPU
		{55E06E3E-4E45-4440-8C79-057C6C2F5290}.Debug|Mixed Platforms.Build.0 = Debug|Any CPU
		{55E06E3E-4E45-4440-8C79-057C6C2F5290}.Debug|x86.ActiveCfg = Debug|Any CPU
		{55E06E3E-4E45-4440-8C79-057C6C2F5290}.Release|Any CPU.ActiveCfg = Release|Any CPU
		{55E06E3E-4E45-4440-8C79-057C6C2F5290}.Release|Any CPU.Build.0 = Release|Any CPU
		{55E06E3E-4E45-4440-8C79-057C6C2F5290}.Release|ARM.ActiveCfg = Release|Any CPU
		{55E06E3E-4E45-4440-8C79-057C6C2F5290}.Release|Mixed Platforms.ActiveCfg = Release|Any CPU
		{55E06E3E-4E45-4440-8C79-057C6C2F5290}.Release|Mixed Platforms.Build.0 = Release|Any CPU
		{55E06E3E-4E45-4440-8C79-057C6C2F5290}.Release|x86.ActiveCfg = Release|Any CPU
		{84BB94CC-BEB0-4FE4-99FE-D524969B87D8}.Debug|Any CPU.ActiveCfg = Debug|Any CPU
		{84BB94CC-BEB0-4FE4-99FE-D524969B87D8}.Debug|Any CPU.Build.0 = Debug|Any CPU
		{84BB94CC-BEB0-4FE4-99FE-D524969B87D8}.Debug|ARM.ActiveCfg = Debug|Any CPU
		{84BB94CC-BEB0-4FE4-99FE-D524969B87D8}.Debug|Mixed Platforms.ActiveCfg = Debug|Any CPU
		{84BB94CC-BEB0-4FE4-99FE-D524969B87D8}.Debug|Mixed Platforms.Build.0 = Debug|Any CPU
		{84BB94CC-BEB0-4FE4-99FE-D524969B87D8}.Debug|x86.ActiveCfg = Debug|Any CPU
		{84BB94CC-BEB0-4FE4-99FE-D524969B87D8}.Release|Any CPU.ActiveCfg = Release|Any CPU
		{84BB94CC-BEB0-4FE4-99FE-D524969B87D8}.Release|Any CPU.Build.0 = Release|Any CPU
		{84BB94CC-BEB0-4FE4-99FE-D524969B87D8}.Release|ARM.ActiveCfg = Release|Any CPU
		{84BB94CC-BEB0-4FE4-99FE-D524969B87D8}.Release|Mixed Platforms.ActiveCfg = Release|Any CPU
		{84BB94CC-BEB0-4FE4-99FE-D524969B87D8}.Release|Mixed Platforms.Build.0 = Release|Any CPU
		{84BB94CC-BEB0-4FE4-99FE-D524969B87D8}.Release|x86.ActiveCfg = Release|Any CPU
	EndGlobalSection
	GlobalSection(SolutionProperties) = preSolution
		HideSolutionNode = FALSE
	EndGlobalSection
EndGlobal
