
Microsoft Visual Studio Solution File, Format Version 12.00
# Visual Studio 2012
Project("{FAE04EC0-301F-11D3-BF4B-00C04F79EFBC}") = "fqn_WebMVC.Model", "fqn_WebMVC.Model\fqn_WebMVC.Model.csproj", "{919000ED-536C-4E94-85BE-462ABC15D9B2}"
EndProject
Project("{FAE04EC0-301F-11D3-BF4B-00C04F79EFBC}") = "fqn_WebMVC.IDal", "fqn_WebMVC.IDal\fqn_WebMVC.IDal.csproj", "{1855B0CA-BB74-4594-9CA6-18F9E138385F}"
EndProject
Project("{FAE04EC0-301F-11D3-BF4B-00C04F79EFBC}") = "fqn_WebMVC.Dal", "fqn_WebMVC.Dal\fqn_WebMVC.Dal.csproj", "{4BEAE686-DF20-40A4-892E-C6E79AEDF6E9}"
EndProject
Project("{FAE04EC0-301F-11D3-BF4B-00C04F79EFBC}") = "fqn_WebMVC.FactoryDal", "fqn_WebMVC.FactoryDal\fqn_WebMVC.FactoryDal.csproj", "{D5612C8C-BFF5-40FC-BF6F-70481C6A4319}"
EndProject
Project("{FAE04EC0-301F-11D3-BF4B-00C04F79EFBC}") = "fqn_WebMVC.IBll", "fqn_WebMVC.IBll\fqn_WebMVC.IBll.csproj", "{7BCFBF05-CEBF-443D-A1FE-C3B3FBC15E92}"
EndProject
Project("{FAE04EC0-301F-11D3-BF4B-00C04F79EFBC}") = "fqn_WebMVC.Bll", "fqn_WebMVC.Bll\fqn_WebMVC.Bll.csproj", "{DC03DEEB-2BB9-4374-9A33-F4968E0D465B}"
EndProject
Project("{FAE04EC0-301F-11D3-BF4B-00C04F79EFBC}") = "fqn_WebMVC.FactoryBll", "fqn_WebMVC.FactoryBll\fqn_WebMVC.FactoryBll.csproj", "{A591BD46-6D5E-4BAD-B79C-409607F53580}"
EndProject
Project("{FAE04EC0-301F-11D3-BF4B-00C04F79EFBC}") = "fqn_WebMVC.WebApp", "fqn_WebMVC.WebApp\fqn_WebMVC.WebApp.csproj", "{A87666E1-BE2B-41F4-A9E4-AD37B470B75A}"
EndProject
Project("{FAE04EC0-301F-11D3-BF4B-00C04F79EFBC}") = "fqn_FirstMVC", "fqn_FirstMVC\fqn_FirstMVC.csproj", "{E9CB6A40-D790-49A3-9E41-67EB3500531C}"
EndProject
Global
	GlobalSection(SolutionConfigurationPlatforms) = preSolution
		Debug|Any CPU = Debug|Any CPU
		Release|Any CPU = Release|Any CPU
	EndGlobalSection
	GlobalSection(ProjectConfigurationPlatforms) = postSolution
		{919000ED-536C-4E94-85BE-462ABC15D9B2}.Debug|Any CPU.ActiveCfg = Debug|Any CPU
		{919000ED-536C-4E94-85BE-462ABC15D9B2}.Debug|Any CPU.Build.0 = Debug|Any CPU
		{919000ED-536C-4E94-85BE-462ABC15D9B2}.Release|Any CPU.ActiveCfg = Release|Any CPU
		{919000ED-536C-4E94-85BE-462ABC15D9B2}.Release|Any CPU.Build.0 = Release|Any CPU
		{1855B0CA-BB74-4594-9CA6-18F9E138385F}.Debug|Any CPU.ActiveCfg = Debug|Any CPU
		{1855B0CA-BB74-4594-9CA6-18F9E138385F}.Debug|Any CPU.Build.0 = Debug|Any CPU
		{1855B0CA-BB74-4594-9CA6-18F9E138385F}.Release|Any CPU.ActiveCfg = Release|Any CPU
		{1855B0CA-BB74-4594-9CA6-18F9E138385F}.Release|Any CPU.Build.0 = Release|Any CPU
		{4BEAE686-DF20-40A4-892E-C6E79AEDF6E9}.Debug|Any CPU.ActiveCfg = Debug|Any CPU
		{4BEAE686-DF20-40A4-892E-C6E79AEDF6E9}.Debug|Any CPU.Build.0 = Debug|Any CPU
		{4BEAE686-DF20-40A4-892E-C6E79AEDF6E9}.Release|Any CPU.ActiveCfg = Release|Any CPU
		{4BEAE686-DF20-40A4-892E-C6E79AEDF6E9}.Release|Any CPU.Build.0 = Release|Any CPU
		{D5612C8C-BFF5-40FC-BF6F-70481C6A4319}.Debug|Any CPU.ActiveCfg = Debug|Any CPU
		{D5612C8C-BFF5-40FC-BF6F-70481C6A4319}.Debug|Any CPU.Build.0 = Debug|Any CPU
		{D5612C8C-BFF5-40FC-BF6F-70481C6A4319}.Release|Any CPU.ActiveCfg = Release|Any CPU
		{D5612C8C-BFF5-40FC-BF6F-70481C6A4319}.Release|Any CPU.Build.0 = Release|Any CPU
		{7BCFBF05-CEBF-443D-A1FE-C3B3FBC15E92}.Debug|Any CPU.ActiveCfg = Debug|Any CPU
		{7BCFBF05-CEBF-443D-A1FE-C3B3FBC15E92}.Debug|Any CPU.Build.0 = Debug|Any CPU
		{7BCFBF05-CEBF-443D-A1FE-C3B3FBC15E92}.Release|Any CPU.ActiveCfg = Release|Any CPU
		{7BCFBF05-CEBF-443D-A1FE-C3B3FBC15E92}.Release|Any CPU.Build.0 = Release|Any CPU
		{DC03DEEB-2BB9-4374-9A33-F4968E0D465B}.Debug|Any CPU.ActiveCfg = Debug|Any CPU
		{DC03DEEB-2BB9-4374-9A33-F4968E0D465B}.Debug|Any CPU.Build.0 = Debug|Any CPU
		{DC03DEEB-2BB9-4374-9A33-F4968E0D465B}.Release|Any CPU.ActiveCfg = Release|Any CPU
		{DC03DEEB-2BB9-4374-9A33-F4968E0D465B}.Release|Any CPU.Build.0 = Release|Any CPU
		{A591BD46-6D5E-4BAD-B79C-409607F53580}.Debug|Any CPU.ActiveCfg = Debug|Any CPU
		{A591BD46-6D5E-4BAD-B79C-409607F53580}.Debug|Any CPU.Build.0 = Debug|Any CPU
		{A591BD46-6D5E-4BAD-B79C-409607F53580}.Release|Any CPU.ActiveCfg = Release|Any CPU
		{A591BD46-6D5E-4BAD-B79C-409607F53580}.Release|Any CPU.Build.0 = Release|Any CPU
		{A87666E1-BE2B-41F4-A9E4-AD37B470B75A}.Debug|Any CPU.ActiveCfg = Debug|Any CPU
		{A87666E1-BE2B-41F4-A9E4-AD37B470B75A}.Debug|Any CPU.Build.0 = Debug|Any CPU
		{A87666E1-BE2B-41F4-A9E4-AD37B470B75A}.Release|Any CPU.ActiveCfg = Release|Any CPU
		{A87666E1-BE2B-41F4-A9E4-AD37B470B75A}.Release|Any CPU.Build.0 = Release|Any CPU
		{E9CB6A40-D790-49A3-9E41-67EB3500531C}.Debug|Any CPU.ActiveCfg = Debug|Any CPU
		{E9CB6A40-D790-49A3-9E41-67EB3500531C}.Debug|Any CPU.Build.0 = Debug|Any CPU
		{E9CB6A40-D790-49A3-9E41-67EB3500531C}.Release|Any CPU.ActiveCfg = Release|Any CPU
		{E9CB6A40-D790-49A3-9E41-67EB3500531C}.Release|Any CPU.Build.0 = Release|Any CPU
	EndGlobalSection
	GlobalSection(SolutionProperties) = preSolution
		HideSolutionNode = FALSE
	EndGlobalSection
EndGlobal
